// !$*UTF8*$!
{
	archiveVersion = 1;
	classes = {
	};
	objectVersion = 46;
	objects = {

/* Begin PBXBuildFile section */
		85017F0A1E3BEA210054751B /* FacebookCore.framework in Frameworks */ = {isa = PBXBuildFile; fileRef = 85017F011E3BEA210054751B /* FacebookCore.framework */; };
		85017F0B1E3BEA210054751B /* FacebookLogin.framework in Frameworks */ = {isa = PBXBuildFile; fileRef = 85017F021E3BEA210054751B /* FacebookLogin.framework */; };
		85017F0C1E3BEA210054751B /* FacebookShare.framework in Frameworks */ = {isa = PBXBuildFile; fileRef = 85017F031E3BEA210054751B /* FacebookShare.framework */; };
		85017F0D1E3BEA210054751B /* FBSDKCoreKit.framework in Frameworks */ = {isa = PBXBuildFile; fileRef = 85017F041E3BEA210054751B /* FBSDKCoreKit.framework */; };
		85017F0E1E3BEA210054751B /* FBSDKLoginKit.framework in Frameworks */ = {isa = PBXBuildFile; fileRef = 85017F051E3BEA210054751B /* FBSDKLoginKit.framework */; };
		85017F0F1E3BEA210054751B /* FBSDKShareKit.framework in Frameworks */ = {isa = PBXBuildFile; fileRef = 85017F061E3BEA210054751B /* FBSDKShareKit.framework */; };
		85017F101E3BEA210054751B /* JWTDecode.framework in Frameworks */ = {isa = PBXBuildFile; fileRef = 85017F071E3BEA210054751B /* JWTDecode.framework */; };
		85017F111E3BEA210054751B /* SwiftyDrop.framework in Frameworks */ = {isa = PBXBuildFile; fileRef = 85017F081E3BEA210054751B /* SwiftyDrop.framework */; };
		85017F121E3BF5EB0054751B /* Bolts.framework in Frameworks */ = {isa = PBXBuildFile; fileRef = 85017F001E3BEA210054751B /* Bolts.framework */; };
		85017F141E3BF9240054751B /* NVActivityIndicatorView.framework in Frameworks */ = {isa = PBXBuildFile; fileRef = 85017F131E3BF9240054751B /* NVActivityIndicatorView.framework */; };
		8504199E1E0AC51B0008906A /* SimCardCalls.swift in Sources */ = {isa = PBXBuildFile; fileRef = 8504199D1E0AC51B0008906A /* SimCardCalls.swift */; };
		8512E0F11CD4DC9E0085CE2B /* RotationExtension.swift in Sources */ = {isa = PBXBuildFile; fileRef = 8512E0F01CD4DC9E0085CE2B /* RotationExtension.swift */; };
		8512E0F51CD4E7520085CE2B /* Config.swift in Sources */ = {isa = PBXBuildFile; fileRef = 8512E0F21CD4E7520085CE2B /* Config.swift */; };
		8512E0F61CD4E7520085CE2B /* Structs.swift in Sources */ = {isa = PBXBuildFile; fileRef = 8512E0F31CD4E7520085CE2B /* Structs.swift */; };
		8512E0F71CD4E7520085CE2B /* utils.swift in Sources */ = {isa = PBXBuildFile; fileRef = 8512E0F41CD4E7520085CE2B /* utils.swift */; };
		8512E0F91CD4E9BD0085CE2B /* SimpleReachability.swift in Sources */ = {isa = PBXBuildFile; fileRef = 8512E0F81CD4E9BD0085CE2B /* SimpleReachability.swift */; };
		8518F1481E4CDD520084A5FD /* Regift.framework in Frameworks */ = {isa = PBXBuildFile; fileRef = 8518F1471E4CDD520084A5FD /* Regift.framework */; };
		851A51EE1D9A6C1700CA7EA5 /* Alamofire.framework in Frameworks */ = {isa = PBXBuildFile; fileRef = 851A51E71D9A6C1700CA7EA5 /* Alamofire.framework */; };
		851A51EF1D9A6C1700CA7EA5 /* AlamofireImage.framework in Frameworks */ = {isa = PBXBuildFile; fileRef = 851A51E81D9A6C1700CA7EA5 /* AlamofireImage.framework */; };
		851A51F01D9A6C1700CA7EA5 /* BrightFutures.framework in Frameworks */ = {isa = PBXBuildFile; fileRef = 851A51E91D9A6C1700CA7EA5 /* BrightFutures.framework */; };
		851A51F11D9A6C1700CA7EA5 /* Realm.framework in Frameworks */ = {isa = PBXBuildFile; fileRef = 851A51EA1D9A6C1700CA7EA5 /* Realm.framework */; };
		851A51F21D9A6C1700CA7EA5 /* RealmSwift.framework in Frameworks */ = {isa = PBXBuildFile; fileRef = 851A51EB1D9A6C1700CA7EA5 /* RealmSwift.framework */; };
		851A51F31D9A6C1700CA7EA5 /* Result.framework in Frameworks */ = {isa = PBXBuildFile; fileRef = 851A51EC1D9A6C1700CA7EA5 /* Result.framework */; };
		851A51F41D9A6C1700CA7EA5 /* SwiftyJSON.framework in Frameworks */ = {isa = PBXBuildFile; fileRef = 851A51ED1D9A6C1700CA7EA5 /* SwiftyJSON.framework */; };
		851A51F61D9A6CAB00CA7EA5 /* Async.swift in Sources */ = {isa = PBXBuildFile; fileRef = 851A51F51D9A6CAB00CA7EA5 /* Async.swift */; };
		851A51F81D9A6DB700CA7EA5 /* Reachability.swift in Sources */ = {isa = PBXBuildFile; fileRef = 851A51F71D9A6DB700CA7EA5 /* Reachability.swift */; };
		852469CC1E2034400074F831 /* UploadMedia.swift in Sources */ = {isa = PBXBuildFile; fileRef = 852469CB1E2034400074F831 /* UploadMedia.swift */; };
		852469CF1E204EEE0074F831 /* ErrorEnums.swift in Sources */ = {isa = PBXBuildFile; fileRef = 852469CE1E204EEE0074F831 /* ErrorEnums.swift */; };
		852469EC1E2053BA0074F831 /* Alamofire.framework in Frameworks */ = {isa = PBXBuildFile; fileRef = 851A51E71D9A6C1700CA7EA5 /* Alamofire.framework */; };
		852469ED1E2053BA0074F831 /* AlamofireImage.framework in Frameworks */ = {isa = PBXBuildFile; fileRef = 851A51E81D9A6C1700CA7EA5 /* AlamofireImage.framework */; };
		852469EE1E2053BA0074F831 /* BrightFutures.framework in Frameworks */ = {isa = PBXBuildFile; fileRef = 851A51E91D9A6C1700CA7EA5 /* BrightFutures.framework */; };
		852469EF1E2053BA0074F831 /* Realm.framework in Frameworks */ = {isa = PBXBuildFile; fileRef = 851A51EA1D9A6C1700CA7EA5 /* Realm.framework */; };
		852469F01E2053BA0074F831 /* RealmSwift.framework in Frameworks */ = {isa = PBXBuildFile; fileRef = 851A51EB1D9A6C1700CA7EA5 /* RealmSwift.framework */; };
		852469F11E2053BA0074F831 /* Result.framework in Frameworks */ = {isa = PBXBuildFile; fileRef = 851A51EC1D9A6C1700CA7EA5 /* Result.framework */; };
		852469F21E2053BA0074F831 /* SwiftyJSON.framework in Frameworks */ = {isa = PBXBuildFile; fileRef = 851A51ED1D9A6C1700CA7EA5 /* SwiftyJSON.framework */; };
		852469F41E2053E30074F831 /* UploadMediaTests.swift in Sources */ = {isa = PBXBuildFile; fileRef = 852469F31E2053E30074F831 /* UploadMediaTests.swift */; };
		8525E7D51CF2F92600D87BB5 /* SendChanges.swift in Sources */ = {isa = PBXBuildFile; fileRef = 8525E7D01CF2F92600D87BB5 /* SendChanges.swift */; };
		8525E7D61CF2F92600D87BB5 /* SendMedia.swift in Sources */ = {isa = PBXBuildFile; fileRef = 8525E7D11CF2F92600D87BB5 /* SendMedia.swift */; };
		8525E7D71CF2F92600D87BB5 /* SyncAll.swift in Sources */ = {isa = PBXBuildFile; fileRef = 8525E7D21CF2F92600D87BB5 /* SyncAll.swift */; };
		852C4C681E68756E0086055A /* UserList.swift in Sources */ = {isa = PBXBuildFile; fileRef = 852C4C671E68756E0086055A /* UserList.swift */; };
		852C4C6A1E687DC50086055A /* PaginatingList.swift in Sources */ = {isa = PBXBuildFile; fileRef = 852C4C691E687DC50086055A /* PaginatingList.swift */; };
		853DD11A1E5F26970038663B /* Pair.swift in Sources */ = {isa = PBXBuildFile; fileRef = 853DD1191E5F26970038663B /* Pair.swift */; };
		853DD11C1E5F30730038663B /* ContactManipulation.swift in Sources */ = {isa = PBXBuildFile; fileRef = 853DD11B1E5F30730038663B /* ContactManipulation.swift */; };
		854D939C1E2D81A400FB57F9 /* SendBeats.swift in Sources */ = {isa = PBXBuildFile; fileRef = 854D939B1E2D81A400FB57F9 /* SendBeats.swift */; };
		854D939E1E2D823400FB57F9 /* ComposeCalls.swift in Sources */ = {isa = PBXBuildFile; fileRef = 854D939D1E2D823400FB57F9 /* ComposeCalls.swift */; };
		85562F3F1E2AE5170078CC51 /* UserCalls.swift in Sources */ = {isa = PBXBuildFile; fileRef = 85562F3E1E2AE5170078CC51 /* UserCalls.swift */; };
		85562F5D1E2BFFA30078CC51 /* TableViewSectionHeader.swift in Sources */ = {isa = PBXBuildFile; fileRef = 85562F5C1E2BFFA30078CC51 /* TableViewSectionHeader.swift */; };
		85562F5F1E2C025F0078CC51 /* Search.swift in Sources */ = {isa = PBXBuildFile; fileRef = 85562F5E1E2C025F0078CC51 /* Search.swift */; };
		85562F641E2C11800078CC51 /* SocialTests.swift in Sources */ = {isa = PBXBuildFile; fileRef = 85562F631E2C11800078CC51 /* SocialTests.swift */; };
		85562F661E2C3C250078CC51 /* TableViewSectionFooter.swift in Sources */ = {isa = PBXBuildFile; fileRef = 85562F651E2C3C250078CC51 /* TableViewSectionFooter.swift */; };
		85575AB71E3BE3C800F316D0 /* UserTests.swift in Sources */ = {isa = PBXBuildFile; fileRef = 85575AB61E3BE3C800F316D0 /* UserTests.swift */; };
		85869CD11CCE019A004CFF4F /* HikebeatTabBarVC.swift in Sources */ = {isa = PBXBuildFile; fileRef = 85869CD01CCE019A004CFF4F /* HikebeatTabBarVC.swift */; };
		858D263C1D8AE11300019E8F /* SCLAlertView.swift in Sources */ = {isa = PBXBuildFile; fileRef = 858D263A1D8AE11300019E8F /* SCLAlertView.swift */; };
		858D263D1D8AE11300019E8F /* SCLExtensions.swift in Sources */ = {isa = PBXBuildFile; fileRef = 858D263B1D8AE11300019E8F /* SCLExtensions.swift */; };
		858EFF001D19874700C50771 /* RecordAudioVC.swift in Sources */ = {isa = PBXBuildFile; fileRef = 858EFEFF1D19874700C50771 /* RecordAudioVC.swift */; };
		858EFF041D19897100C50771 /* MemoExt.swift in Sources */ = {isa = PBXBuildFile; fileRef = 858EFF031D19897100C50771 /* MemoExt.swift */; };
		858EFF121D19BDDA00C50771 /* JTSImageViewController.m in Sources */ = {isa = PBXBuildFile; fileRef = 858EFF071D19BDDA00C50771 /* JTSImageViewController.m */; };
		858EFF131D19BDDA00C50771 /* JTSImageInfo.m in Sources */ = {isa = PBXBuildFile; fileRef = 858EFF091D19BDDA00C50771 /* JTSImageInfo.m */; };
		858EFF141D19BDDA00C50771 /* JTSSimpleImageDownloader.m in Sources */ = {isa = PBXBuildFile; fileRef = 858EFF0B1D19BDDA00C50771 /* JTSSimpleImageDownloader.m */; };
		858EFF151D19BDDA00C50771 /* JTSAnimatedGIFUtility.m in Sources */ = {isa = PBXBuildFile; fileRef = 858EFF0D1D19BDDA00C50771 /* JTSAnimatedGIFUtility.m */; };
		858EFF161D19BDDA00C50771 /* UIImage+JTSImageEffects.m in Sources */ = {isa = PBXBuildFile; fileRef = 858EFF0F1D19BDDA00C50771 /* UIImage+JTSImageEffects.m */; };
		858EFF171D19BDDA00C50771 /* UIApplication+JTSImageViewController.m in Sources */ = {isa = PBXBuildFile; fileRef = 858EFF111D19BDDA00C50771 /* UIApplication+JTSImageViewController.m */; };
		858EFF191D19C26B00C50771 /* ShowImageModalVC.swift in Sources */ = {isa = PBXBuildFile; fileRef = 858EFF181D19C26B00C50771 /* ShowImageModalVC.swift */; };
		8593DAAD1DF3248500604BFA /* JourneyCalls.swift in Sources */ = {isa = PBXBuildFile; fileRef = 8593DAAC1DF3248500604BFA /* JourneyCalls.swift */; };
		8593DAAF1DF325C500604BFA /* Save.swift in Sources */ = {isa = PBXBuildFile; fileRef = 8593DAAE1DF325C500604BFA /* Save.swift */; };
		8593DB0B1DFB618900604BFA /* SelectJourneyExt.swift in Sources */ = {isa = PBXBuildFile; fileRef = 8593DB0A1DFB618900604BFA /* SelectJourneyExt.swift */; };
		8593DB0D1DFB6BC400604BFA /* SelectJourneyCell.swift in Sources */ = {isa = PBXBuildFile; fileRef = 8593DB0C1DFB6BC400604BFA /* SelectJourneyCell.swift */; };
		8593DB0F1DFC10EC00604BFA /* SearchVC.swift in Sources */ = {isa = PBXBuildFile; fileRef = 8593DB0E1DFC10EC00604BFA /* SearchVC.swift */; };
		8593DB111DFC187E00604BFA /* SearchJourneyCell.swift in Sources */ = {isa = PBXBuildFile; fileRef = 8593DB101DFC187E00604BFA /* SearchJourneyCell.swift */; };
		8593DB131DFC188A00604BFA /* SearchUserCell.swift in Sources */ = {isa = PBXBuildFile; fileRef = 8593DB121DFC188A00604BFA /* SearchUserCell.swift */; };
		859EB30B1CDB6A88005353C0 /* Follower.swift in Sources */ = {isa = PBXBuildFile; fileRef = 859EB30A1CDB6A88005353C0 /* Follower.swift */; };
		85A067A41DFC4227006431E5 /* SocialCalls.swift in Sources */ = {isa = PBXBuildFile; fileRef = 85A067A31DFC4227006431E5 /* SocialCalls.swift */; };
		85A067A61DFC4486006431E5 /* User.swift in Sources */ = {isa = PBXBuildFile; fileRef = 85A067A51DFC4486006431E5 /* User.swift */; };
		85A580981D4F46EE00B38B1C /* EmotionCell.swift in Sources */ = {isa = PBXBuildFile; fileRef = 85A580971D4F46EE00B38B1C /* EmotionCell.swift */; };
		85A7128F1E683642003F9EF0 /* Calls.swift in Sources */ = {isa = PBXBuildFile; fileRef = 85A7128E1E683642003F9EF0 /* Calls.swift */; };
		85AC90721CE487AF007BE5C2 /* SVPulsingAnnotationView.m in Sources */ = {isa = PBXBuildFile; fileRef = 85AC906F1CE487AF007BE5C2 /* SVPulsingAnnotationView.m */; };
		85AC90741CE487AF007BE5C2 /* LFTPulseAnimation.swift in Sources */ = {isa = PBXBuildFile; fileRef = 85AC90711CE487AF007BE5C2 /* LFTPulseAnimation.swift */; };
		85AC90761CE4887C007BE5C2 /* BeatPin.swift in Sources */ = {isa = PBXBuildFile; fileRef = 85AC90751CE4887C007BE5C2 /* BeatPin.swift */; };
		85B890E61D59EB16009589E6 /* DownloadMedia.swift in Sources */ = {isa = PBXBuildFile; fileRef = 85B890E51D59EB16009589E6 /* DownloadMedia.swift */; };
		85CA7DC31CD4D59500A4F249 /* ImageVideoExt.swift in Sources */ = {isa = PBXBuildFile; fileRef = 85CA7DC21CD4D59500A4F249 /* ImageVideoExt.swift */; };
		85F2B4311CC4DD33004704F3 /* AppDelegate.swift in Sources */ = {isa = PBXBuildFile; fileRef = 85F2B4301CC4DD33004704F3 /* AppDelegate.swift */; };
		85F2B4331CC4DD33004704F3 /* LoadingViewController.swift in Sources */ = {isa = PBXBuildFile; fileRef = 85F2B4321CC4DD33004704F3 /* LoadingViewController.swift */; };
		85F2B4381CC4DD33004704F3 /* Assets.xcassets in Resources */ = {isa = PBXBuildFile; fileRef = 85F2B4371CC4DD33004704F3 /* Assets.xcassets */; };
		85F2B4511CC4DD33004704F3 /* HikebeatUITests.swift in Sources */ = {isa = PBXBuildFile; fileRef = 85F2B4501CC4DD33004704F3 /* HikebeatUITests.swift */; };
		85F2B4711CC4E3D2004704F3 /* Journey.swift in Sources */ = {isa = PBXBuildFile; fileRef = 85F2B4701CC4E3D2004704F3 /* Journey.swift */; };
		85F2B4731CC4E4E0004704F3 /* Beat.swift in Sources */ = {isa = PBXBuildFile; fileRef = 85F2B4721CC4E4E0004704F3 /* Beat.swift */; };
		85F2B4751CC4EF6A004704F3 /* Change.swift in Sources */ = {isa = PBXBuildFile; fileRef = 85F2B4741CC4EF6A004704F3 /* Change.swift */; };
		85FAEB7F1CE48D1A00887039 /* BeatPolyline.swift in Sources */ = {isa = PBXBuildFile; fileRef = 85FAEB7E1CE48D1A00887039 /* BeatPolyline.swift */; };
		85FAEB811CE48E3000887039 /* JourneyContainerVC.swift in Sources */ = {isa = PBXBuildFile; fileRef = 85FAEB801CE48E3000887039 /* JourneyContainerVC.swift */; };
		85FBDA4F1E469DA300A1DF3A /* PaginatingVC.swift in Sources */ = {isa = PBXBuildFile; fileRef = 85FBDA4E1E469DA300A1DF3A /* PaginatingVC.swift */; };
		85FBDA511E46A13B00A1DF3A /* TableViewPaginationFooter.swift in Sources */ = {isa = PBXBuildFile; fileRef = 85FBDA501E46A13B00A1DF3A /* TableViewPaginationFooter.swift */; };
		E111B0791CD0318800915401 /* LoginVC.swift in Sources */ = {isa = PBXBuildFile; fileRef = E111B0781CD0318800915401 /* LoginVC.swift */; };
		E11E373A1CCBCE0000EBB467 /* Loading.storyboard in Resources */ = {isa = PBXBuildFile; fileRef = E11E37391CCBCE0000EBB467 /* Loading.storyboard */; };
		E11E373C1CCBDF6A00EBB467 /* ComposeVC.swift in Sources */ = {isa = PBXBuildFile; fileRef = E11E373B1CCBDF6A00EBB467 /* ComposeVC.swift */; };
		E1378D811D295E12002E8CD1 /* aCustomView.swift in Sources */ = {isa = PBXBuildFile; fileRef = E1378D801D295E12002E8CD1 /* aCustomView.swift */; };
		E141F5C31CC94AA3004DA5D5 /* Extensions.swift in Sources */ = {isa = PBXBuildFile; fileRef = E141F5C21CC94AA3004DA5D5 /* Extensions.swift */; };
		E15A4CF51CD4B0560053496A /* JourneyVC.swift in Sources */ = {isa = PBXBuildFile; fileRef = E15A4CF41CD4B0560053496A /* JourneyVC.swift */; };
		E15A4CFB1CD4EABA0053496A /* BeatCollectionViewCell.swift in Sources */ = {isa = PBXBuildFile; fileRef = E15A4CFA1CD4EABA0053496A /* BeatCollectionViewCell.swift */; };
		E16A510B1CD78B3100F335D2 /* UniversalListOfJourneysVC.swift in Sources */ = {isa = PBXBuildFile; fileRef = E16A510A1CD78B3100F335D2 /* UniversalListOfJourneysVC.swift */; };
		E17F5B2E1DFDC99800C1A2B0 /* WalkthroughVC.swift in Sources */ = {isa = PBXBuildFile; fileRef = E17F5B2D1DFDC99800C1A2B0 /* WalkthroughVC.swift */; };
		E18991621CD380E400EC46B2 /* JourneyViewCell.swift in Sources */ = {isa = PBXBuildFile; fileRef = E18991611CD380E400EC46B2 /* JourneyViewCell.swift */; };
		E18991641CD3A27A00EC46B2 /* ActiveJourneyCollectionViewCell.swift in Sources */ = {isa = PBXBuildFile; fileRef = E18991631CD3A27A00EC46B2 /* ActiveJourneyCollectionViewCell.swift */; };
		E18991661CD3ABD500EC46B2 /* CenterCellCollectionViewFlowLayout.swift in Sources */ = {isa = PBXBuildFile; fileRef = E18991651CD3ABD500EC46B2 /* CenterCellCollectionViewFlowLayout.swift */; };
		E18A06E31DFE03E10087A23E /* HikebeatWalkthroughFramework.swift in Sources */ = {isa = PBXBuildFile; fileRef = E18A06E21DFE03E10087A23E /* HikebeatWalkthroughFramework.swift */; };
		E19A21271D9C1C7F002F9532 /* FeaturedJourneyViewCell.swift in Sources */ = {isa = PBXBuildFile; fileRef = E19A21261D9C1C7F002F9532 /* FeaturedJourneyViewCell.swift */; };
		E19A21291D9C2C3D002F9532 /* SearchViewController.swift in Sources */ = {isa = PBXBuildFile; fileRef = E19A21281D9C2C3D002F9532 /* SearchViewController.swift */; };
		E1A3F6A11CD570B2005D9775 /* Main.storyboard in Resources */ = {isa = PBXBuildFile; fileRef = 85F2B4341CC4DD33004704F3 /* Main.storyboard */; };
		E1A3F6A21CD570DD005D9775 /* BeatsVC.swift in Sources */ = {isa = PBXBuildFile; fileRef = E15A4CF81CD4E6970053496A /* BeatsVC.swift */; };
		E1AA1A2F1CD155F100C79B91 /* SignUpVC.swift in Sources */ = {isa = PBXBuildFile; fileRef = E1AA1A2E1CD155F100C79B91 /* SignUpVC.swift */; };
		E1AA1A311CD173A200C79B91 /* SettingsVC.swift in Sources */ = {isa = PBXBuildFile; fileRef = E1AA1A301CD173A200C79B91 /* SettingsVC.swift */; };
		E1B012031CD6595C000AB2F9 /* NewJourneyVC.swift in Sources */ = {isa = PBXBuildFile; fileRef = E1B012021CD6595C000AB2F9 /* NewJourneyVC.swift */; };
		E1B4138A1CCE864F00B8768B /* ModalVC.swift in Sources */ = {isa = PBXBuildFile; fileRef = E1B413891CCE864F00B8768B /* ModalVC.swift */; };
		E1B4138C1CCE9B4700B8768B /* EditEmotionVC.swift in Sources */ = {isa = PBXBuildFile; fileRef = E1B4138B1CCE9B4700B8768B /* EditEmotionVC.swift */; };
		E1B84ABA1CD246080047BD5A /* ProfileVC.swift in Sources */ = {isa = PBXBuildFile; fileRef = E1B84AB91CD246080047BD5A /* ProfileVC.swift */; };
		E1B84ABC1CD26AB10047BD5A /* JourneysVC.swift in Sources */ = {isa = PBXBuildFile; fileRef = E1B84ABB1CD26AB10047BD5A /* JourneysVC.swift */; };
		E1B84ABE1CD26ABE0047BD5A /* SocialVC.swift in Sources */ = {isa = PBXBuildFile; fileRef = E1B84ABD1CD26ABE0047BD5A /* SocialVC.swift */; };
		E1BC81C31CCEEB55008A4518 /* EditMessageVC.swift in Sources */ = {isa = PBXBuildFile; fileRef = E1BC81C21CCEEB55008A4518 /* EditMessageVC.swift */; };
		E1CD74061E637F460049899B /* Agrume.swift in Sources */ = {isa = PBXBuildFile; fileRef = E1CD74011E637F460049899B /* Agrume.swift */; };
		E1CD74071E637F460049899B /* AgrumeCell.swift in Sources */ = {isa = PBXBuildFile; fileRef = E1CD74021E637F460049899B /* AgrumeCell.swift */; };
		E1CD74081E637F460049899B /* AgrumeServiceLocator.swift in Sources */ = {isa = PBXBuildFile; fileRef = E1CD74031E637F460049899B /* AgrumeServiceLocator.swift */; };
		E1CD74091E637F460049899B /* ImageDownloader.swift in Sources */ = {isa = PBXBuildFile; fileRef = E1CD74041E637F460049899B /* ImageDownloader.swift */; };
		E1CD740A1E637F460049899B /* UIViewExtensions.swift in Sources */ = {isa = PBXBuildFile; fileRef = E1CD74051E637F460049899B /* UIViewExtensions.swift */; };
/* End PBXBuildFile section */

/* Begin PBXContainerItemProxy section */
		852469E71E2053850074F831 /* PBXContainerItemProxy */ = {
			isa = PBXContainerItemProxy;
			containerPortal = 85F2B4251CC4DD33004704F3 /* Project object */;
			proxyType = 1;
			remoteGlobalIDString = 85F2B42C1CC4DD33004704F3;
			remoteInfo = Hikebeat;
		};
		85F2B44D1CC4DD33004704F3 /* PBXContainerItemProxy */ = {
			isa = PBXContainerItemProxy;
			containerPortal = 85F2B4251CC4DD33004704F3 /* Project object */;
			proxyType = 1;
			remoteGlobalIDString = 85F2B42C1CC4DD33004704F3;
			remoteInfo = Hikebeat;
		};
/* End PBXContainerItemProxy section */

/* Begin PBXFileReference section */
		85017F001E3BEA210054751B /* Bolts.framework */ = {isa = PBXFileReference; lastKnownFileType = wrapper.framework; name = Bolts.framework; path = Carthage/Build/iOS/Bolts.framework; sourceTree = "<group>"; };
		85017F011E3BEA210054751B /* FacebookCore.framework */ = {isa = PBXFileReference; lastKnownFileType = wrapper.framework; name = FacebookCore.framework; path = Carthage/Build/iOS/FacebookCore.framework; sourceTree = "<group>"; };
		85017F021E3BEA210054751B /* FacebookLogin.framework */ = {isa = PBXFileReference; lastKnownFileType = wrapper.framework; name = FacebookLogin.framework; path = Carthage/Build/iOS/FacebookLogin.framework; sourceTree = "<group>"; };
		85017F031E3BEA210054751B /* FacebookShare.framework */ = {isa = PBXFileReference; lastKnownFileType = wrapper.framework; name = FacebookShare.framework; path = Carthage/Build/iOS/FacebookShare.framework; sourceTree = "<group>"; };
		85017F041E3BEA210054751B /* FBSDKCoreKit.framework */ = {isa = PBXFileReference; lastKnownFileType = wrapper.framework; name = FBSDKCoreKit.framework; path = Carthage/Build/iOS/FBSDKCoreKit.framework; sourceTree = "<group>"; };
		85017F051E3BEA210054751B /* FBSDKLoginKit.framework */ = {isa = PBXFileReference; lastKnownFileType = wrapper.framework; name = FBSDKLoginKit.framework; path = Carthage/Build/iOS/FBSDKLoginKit.framework; sourceTree = "<group>"; };
		85017F061E3BEA210054751B /* FBSDKShareKit.framework */ = {isa = PBXFileReference; lastKnownFileType = wrapper.framework; name = FBSDKShareKit.framework; path = Carthage/Build/iOS/FBSDKShareKit.framework; sourceTree = "<group>"; };
		85017F071E3BEA210054751B /* JWTDecode.framework */ = {isa = PBXFileReference; lastKnownFileType = wrapper.framework; name = JWTDecode.framework; path = Carthage/Build/iOS/JWTDecode.framework; sourceTree = "<group>"; };
		85017F081E3BEA210054751B /* SwiftyDrop.framework */ = {isa = PBXFileReference; lastKnownFileType = wrapper.framework; name = SwiftyDrop.framework; path = Carthage/Build/iOS/SwiftyDrop.framework; sourceTree = "<group>"; };
		85017F131E3BF9240054751B /* NVActivityIndicatorView.framework */ = {isa = PBXFileReference; lastKnownFileType = wrapper.framework; name = NVActivityIndicatorView.framework; path = Carthage/Build/iOS/NVActivityIndicatorView.framework; sourceTree = "<group>"; };
		8504199D1E0AC51B0008906A /* SimCardCalls.swift */ = {isa = PBXFileReference; fileEncoding = 4; lastKnownFileType = sourcecode.swift; path = SimCardCalls.swift; sourceTree = "<group>"; };
		8512E0F01CD4DC9E0085CE2B /* RotationExtension.swift */ = {isa = PBXFileReference; fileEncoding = 4; lastKnownFileType = sourcecode.swift; path = RotationExtension.swift; sourceTree = "<group>"; };
		8512E0F21CD4E7520085CE2B /* Config.swift */ = {isa = PBXFileReference; fileEncoding = 4; lastKnownFileType = sourcecode.swift; path = Config.swift; sourceTree = "<group>"; };
		8512E0F31CD4E7520085CE2B /* Structs.swift */ = {isa = PBXFileReference; fileEncoding = 4; lastKnownFileType = sourcecode.swift; path = Structs.swift; sourceTree = "<group>"; };
		8512E0F41CD4E7520085CE2B /* utils.swift */ = {isa = PBXFileReference; fileEncoding = 4; lastKnownFileType = sourcecode.swift; path = utils.swift; sourceTree = "<group>"; };
		8512E0F81CD4E9BD0085CE2B /* SimpleReachability.swift */ = {isa = PBXFileReference; fileEncoding = 4; lastKnownFileType = sourcecode.swift; path = SimpleReachability.swift; sourceTree = "<group>"; };
		8518F1471E4CDD520084A5FD /* Regift.framework */ = {isa = PBXFileReference; lastKnownFileType = wrapper.framework; name = Regift.framework; path = Carthage/Build/iOS/Regift.framework; sourceTree = "<group>"; };
		851A51E71D9A6C1700CA7EA5 /* Alamofire.framework */ = {isa = PBXFileReference; lastKnownFileType = wrapper.framework; name = Alamofire.framework; path = Carthage/Build/iOS/Alamofire.framework; sourceTree = "<group>"; };
		851A51E81D9A6C1700CA7EA5 /* AlamofireImage.framework */ = {isa = PBXFileReference; lastKnownFileType = wrapper.framework; name = AlamofireImage.framework; path = Carthage/Build/iOS/AlamofireImage.framework; sourceTree = "<group>"; };
		851A51E91D9A6C1700CA7EA5 /* BrightFutures.framework */ = {isa = PBXFileReference; lastKnownFileType = wrapper.framework; name = BrightFutures.framework; path = Carthage/Build/iOS/BrightFutures.framework; sourceTree = "<group>"; };
		851A51EA1D9A6C1700CA7EA5 /* Realm.framework */ = {isa = PBXFileReference; lastKnownFileType = wrapper.framework; name = Realm.framework; path = Carthage/Build/iOS/Realm.framework; sourceTree = "<group>"; };
		851A51EB1D9A6C1700CA7EA5 /* RealmSwift.framework */ = {isa = PBXFileReference; lastKnownFileType = wrapper.framework; name = RealmSwift.framework; path = Carthage/Build/iOS/RealmSwift.framework; sourceTree = "<group>"; };
		851A51EC1D9A6C1700CA7EA5 /* Result.framework */ = {isa = PBXFileReference; lastKnownFileType = wrapper.framework; name = Result.framework; path = Carthage/Build/iOS/Result.framework; sourceTree = "<group>"; };
		851A51ED1D9A6C1700CA7EA5 /* SwiftyJSON.framework */ = {isa = PBXFileReference; lastKnownFileType = wrapper.framework; name = SwiftyJSON.framework; path = Carthage/Build/iOS/SwiftyJSON.framework; sourceTree = "<group>"; };
		851A51F51D9A6CAB00CA7EA5 /* Async.swift */ = {isa = PBXFileReference; fileEncoding = 4; lastKnownFileType = sourcecode.swift; path = Async.swift; sourceTree = "<group>"; };
		851A51F71D9A6DB700CA7EA5 /* Reachability.swift */ = {isa = PBXFileReference; fileEncoding = 4; lastKnownFileType = sourcecode.swift; path = Reachability.swift; sourceTree = "<group>"; };
		851A51F91D9A97E500CA7EA5 /* Hikebeat.entitlements */ = {isa = PBXFileReference; lastKnownFileType = text.plist.entitlements; path = Hikebeat.entitlements; sourceTree = "<group>"; };
		852469CB1E2034400074F831 /* UploadMedia.swift */ = {isa = PBXFileReference; fileEncoding = 4; lastKnownFileType = sourcecode.swift; path = UploadMedia.swift; sourceTree = "<group>"; };
		852469CE1E204EEE0074F831 /* ErrorEnums.swift */ = {isa = PBXFileReference; fileEncoding = 4; lastKnownFileType = sourcecode.swift; path = ErrorEnums.swift; sourceTree = "<group>"; };
		852469E21E2053850074F831 /* APITests.xctest */ = {isa = PBXFileReference; explicitFileType = wrapper.cfbundle; includeInIndex = 0; path = APITests.xctest; sourceTree = BUILT_PRODUCTS_DIR; };
		852469E61E2053850074F831 /* Info.plist */ = {isa = PBXFileReference; lastKnownFileType = text.plist.xml; path = Info.plist; sourceTree = "<group>"; };
		852469F31E2053E30074F831 /* UploadMediaTests.swift */ = {isa = PBXFileReference; fileEncoding = 4; lastKnownFileType = sourcecode.swift; path = UploadMediaTests.swift; sourceTree = "<group>"; };
		8525E7D01CF2F92600D87BB5 /* SendChanges.swift */ = {isa = PBXFileReference; fileEncoding = 4; lastKnownFileType = sourcecode.swift; path = SendChanges.swift; sourceTree = "<group>"; };
		8525E7D11CF2F92600D87BB5 /* SendMedia.swift */ = {isa = PBXFileReference; fileEncoding = 4; lastKnownFileType = sourcecode.swift; path = SendMedia.swift; sourceTree = "<group>"; };
		8525E7D21CF2F92600D87BB5 /* SyncAll.swift */ = {isa = PBXFileReference; fileEncoding = 4; lastKnownFileType = sourcecode.swift; path = SyncAll.swift; sourceTree = "<group>"; };
		852C4C671E68756E0086055A /* UserList.swift */ = {isa = PBXFileReference; fileEncoding = 4; lastKnownFileType = sourcecode.swift; path = UserList.swift; sourceTree = "<group>"; };
		852C4C691E687DC50086055A /* PaginatingList.swift */ = {isa = PBXFileReference; fileEncoding = 4; lastKnownFileType = sourcecode.swift; path = PaginatingList.swift; sourceTree = "<group>"; };
		853DD1191E5F26970038663B /* Pair.swift */ = {isa = PBXFileReference; fileEncoding = 4; lastKnownFileType = sourcecode.swift; path = Pair.swift; sourceTree = "<group>"; };
		853DD11B1E5F30730038663B /* ContactManipulation.swift */ = {isa = PBXFileReference; fileEncoding = 4; lastKnownFileType = sourcecode.swift; path = ContactManipulation.swift; sourceTree = "<group>"; };
		854D93991E2D559F00FB57F9 /* BRYXBanner.framework */ = {isa = PBXFileReference; lastKnownFileType = wrapper.framework; name = BRYXBanner.framework; path = Carthage/Build/iOS/BRYXBanner.framework; sourceTree = "<group>"; };
		854D939B1E2D81A400FB57F9 /* SendBeats.swift */ = {isa = PBXFileReference; fileEncoding = 4; lastKnownFileType = sourcecode.swift; path = SendBeats.swift; sourceTree = "<group>"; };
		854D939D1E2D823400FB57F9 /* ComposeCalls.swift */ = {isa = PBXFileReference; fileEncoding = 4; lastKnownFileType = sourcecode.swift; path = ComposeCalls.swift; sourceTree = "<group>"; };
		85562F3E1E2AE5170078CC51 /* UserCalls.swift */ = {isa = PBXFileReference; fileEncoding = 4; lastKnownFileType = sourcecode.swift; path = UserCalls.swift; sourceTree = "<group>"; };
		85562F5C1E2BFFA30078CC51 /* TableViewSectionHeader.swift */ = {isa = PBXFileReference; fileEncoding = 4; lastKnownFileType = sourcecode.swift; path = TableViewSectionHeader.swift; sourceTree = "<group>"; };
		85562F5E1E2C025F0078CC51 /* Search.swift */ = {isa = PBXFileReference; fileEncoding = 4; lastKnownFileType = sourcecode.swift; path = Search.swift; sourceTree = "<group>"; };
		85562F631E2C11800078CC51 /* SocialTests.swift */ = {isa = PBXFileReference; fileEncoding = 4; lastKnownFileType = sourcecode.swift; path = SocialTests.swift; sourceTree = "<group>"; };
		85562F651E2C3C250078CC51 /* TableViewSectionFooter.swift */ = {isa = PBXFileReference; fileEncoding = 4; lastKnownFileType = sourcecode.swift; path = TableViewSectionFooter.swift; sourceTree = "<group>"; };
		85575AB61E3BE3C800F316D0 /* UserTests.swift */ = {isa = PBXFileReference; fileEncoding = 4; lastKnownFileType = sourcecode.swift; path = UserTests.swift; sourceTree = "<group>"; };
		85869CD01CCE019A004CFF4F /* HikebeatTabBarVC.swift */ = {isa = PBXFileReference; fileEncoding = 4; lastKnownFileType = sourcecode.swift; path = HikebeatTabBarVC.swift; sourceTree = "<group>"; };
		858D263A1D8AE11300019E8F /* SCLAlertView.swift */ = {isa = PBXFileReference; fileEncoding = 4; lastKnownFileType = sourcecode.swift; path = SCLAlertView.swift; sourceTree = "<group>"; };
		858D263B1D8AE11300019E8F /* SCLExtensions.swift */ = {isa = PBXFileReference; fileEncoding = 4; lastKnownFileType = sourcecode.swift; path = SCLExtensions.swift; sourceTree = "<group>"; };
		858EFEFF1D19874700C50771 /* RecordAudioVC.swift */ = {isa = PBXFileReference; fileEncoding = 4; lastKnownFileType = sourcecode.swift; path = RecordAudioVC.swift; sourceTree = "<group>"; };
		858EFF031D19897100C50771 /* MemoExt.swift */ = {isa = PBXFileReference; fileEncoding = 4; lastKnownFileType = sourcecode.swift; path = MemoExt.swift; sourceTree = "<group>"; };
		858EFF061D19BDDA00C50771 /* JTSImageViewController.h */ = {isa = PBXFileReference; fileEncoding = 4; lastKnownFileType = sourcecode.c.h; path = JTSImageViewController.h; sourceTree = "<group>"; };
		858EFF071D19BDDA00C50771 /* JTSImageViewController.m */ = {isa = PBXFileReference; fileEncoding = 4; lastKnownFileType = sourcecode.c.objc; path = JTSImageViewController.m; sourceTree = "<group>"; };
		858EFF081D19BDDA00C50771 /* JTSImageInfo.h */ = {isa = PBXFileReference; fileEncoding = 4; lastKnownFileType = sourcecode.c.h; path = JTSImageInfo.h; sourceTree = "<group>"; };
		858EFF091D19BDDA00C50771 /* JTSImageInfo.m */ = {isa = PBXFileReference; fileEncoding = 4; lastKnownFileType = sourcecode.c.objc; path = JTSImageInfo.m; sourceTree = "<group>"; };
		858EFF0A1D19BDDA00C50771 /* JTSSimpleImageDownloader.h */ = {isa = PBXFileReference; fileEncoding = 4; lastKnownFileType = sourcecode.c.h; path = JTSSimpleImageDownloader.h; sourceTree = "<group>"; };
		858EFF0B1D19BDDA00C50771 /* JTSSimpleImageDownloader.m */ = {isa = PBXFileReference; fileEncoding = 4; lastKnownFileType = sourcecode.c.objc; path = JTSSimpleImageDownloader.m; sourceTree = "<group>"; };
		858EFF0C1D19BDDA00C50771 /* JTSAnimatedGIFUtility.h */ = {isa = PBXFileReference; fileEncoding = 4; lastKnownFileType = sourcecode.c.h; path = JTSAnimatedGIFUtility.h; sourceTree = "<group>"; };
		858EFF0D1D19BDDA00C50771 /* JTSAnimatedGIFUtility.m */ = {isa = PBXFileReference; fileEncoding = 4; lastKnownFileType = sourcecode.c.objc; path = JTSAnimatedGIFUtility.m; sourceTree = "<group>"; };
		858EFF0E1D19BDDA00C50771 /* UIImage+JTSImageEffects.h */ = {isa = PBXFileReference; fileEncoding = 4; lastKnownFileType = sourcecode.c.h; path = "UIImage+JTSImageEffects.h"; sourceTree = "<group>"; };
		858EFF0F1D19BDDA00C50771 /* UIImage+JTSImageEffects.m */ = {isa = PBXFileReference; fileEncoding = 4; lastKnownFileType = sourcecode.c.objc; path = "UIImage+JTSImageEffects.m"; sourceTree = "<group>"; };
		858EFF101D19BDDA00C50771 /* UIApplication+JTSImageViewController.h */ = {isa = PBXFileReference; fileEncoding = 4; lastKnownFileType = sourcecode.c.h; path = "UIApplication+JTSImageViewController.h"; sourceTree = "<group>"; };
		858EFF111D19BDDA00C50771 /* UIApplication+JTSImageViewController.m */ = {isa = PBXFileReference; fileEncoding = 4; lastKnownFileType = sourcecode.c.objc; path = "UIApplication+JTSImageViewController.m"; sourceTree = "<group>"; };
		858EFF181D19C26B00C50771 /* ShowImageModalVC.swift */ = {isa = PBXFileReference; fileEncoding = 4; lastKnownFileType = sourcecode.swift; path = ShowImageModalVC.swift; sourceTree = "<group>"; };
		8593DAAC1DF3248500604BFA /* JourneyCalls.swift */ = {isa = PBXFileReference; fileEncoding = 4; lastKnownFileType = sourcecode.swift; path = JourneyCalls.swift; sourceTree = "<group>"; };
		8593DAAE1DF325C500604BFA /* Save.swift */ = {isa = PBXFileReference; fileEncoding = 4; lastKnownFileType = sourcecode.swift; path = Save.swift; sourceTree = "<group>"; };
		8593DB0A1DFB618900604BFA /* SelectJourneyExt.swift */ = {isa = PBXFileReference; fileEncoding = 4; lastKnownFileType = sourcecode.swift; path = SelectJourneyExt.swift; sourceTree = "<group>"; };
		8593DB0C1DFB6BC400604BFA /* SelectJourneyCell.swift */ = {isa = PBXFileReference; fileEncoding = 4; lastKnownFileType = sourcecode.swift; path = SelectJourneyCell.swift; sourceTree = "<group>"; };
		8593DB0E1DFC10EC00604BFA /* SearchVC.swift */ = {isa = PBXFileReference; fileEncoding = 4; lastKnownFileType = sourcecode.swift; path = SearchVC.swift; sourceTree = "<group>"; };
		8593DB101DFC187E00604BFA /* SearchJourneyCell.swift */ = {isa = PBXFileReference; fileEncoding = 4; lastKnownFileType = sourcecode.swift; path = SearchJourneyCell.swift; sourceTree = "<group>"; };
		8593DB121DFC188A00604BFA /* SearchUserCell.swift */ = {isa = PBXFileReference; fileEncoding = 4; lastKnownFileType = sourcecode.swift; path = SearchUserCell.swift; sourceTree = "<group>"; };
		859EB30A1CDB6A88005353C0 /* Follower.swift */ = {isa = PBXFileReference; fileEncoding = 4; lastKnownFileType = sourcecode.swift; path = Follower.swift; sourceTree = "<group>"; };
		85A067A31DFC4227006431E5 /* SocialCalls.swift */ = {isa = PBXFileReference; fileEncoding = 4; lastKnownFileType = sourcecode.swift; path = SocialCalls.swift; sourceTree = "<group>"; };
		85A067A51DFC4486006431E5 /* User.swift */ = {isa = PBXFileReference; fileEncoding = 4; lastKnownFileType = sourcecode.swift; path = User.swift; sourceTree = "<group>"; };
		85A580971D4F46EE00B38B1C /* EmotionCell.swift */ = {isa = PBXFileReference; fileEncoding = 4; lastKnownFileType = sourcecode.swift; path = EmotionCell.swift; sourceTree = "<group>"; };
		85A7128E1E683642003F9EF0 /* Calls.swift */ = {isa = PBXFileReference; fileEncoding = 4; lastKnownFileType = sourcecode.swift; path = Calls.swift; sourceTree = "<group>"; };
		85AC906D1CE487AE007BE5C2 /* Hikebeat-Bridging-Header.h */ = {isa = PBXFileReference; lastKnownFileType = sourcecode.c.h; path = "Hikebeat-Bridging-Header.h"; sourceTree = "<group>"; };
		85AC906E1CE487AF007BE5C2 /* SVPulsingAnnotationView.h */ = {isa = PBXFileReference; fileEncoding = 4; lastKnownFileType = sourcecode.c.h; path = SVPulsingAnnotationView.h; sourceTree = "<group>"; };
		85AC906F1CE487AF007BE5C2 /* SVPulsingAnnotationView.m */ = {isa = PBXFileReference; fileEncoding = 4; lastKnownFileType = sourcecode.c.objc; path = SVPulsingAnnotationView.m; sourceTree = "<group>"; };
		85AC90711CE487AF007BE5C2 /* LFTPulseAnimation.swift */ = {isa = PBXFileReference; fileEncoding = 4; lastKnownFileType = sourcecode.swift; path = LFTPulseAnimation.swift; sourceTree = "<group>"; };
		85AC90751CE4887C007BE5C2 /* BeatPin.swift */ = {isa = PBXFileReference; fileEncoding = 4; lastKnownFileType = sourcecode.swift; path = BeatPin.swift; sourceTree = "<group>"; };
		85B890E51D59EB16009589E6 /* DownloadMedia.swift */ = {isa = PBXFileReference; fileEncoding = 4; lastKnownFileType = sourcecode.swift; path = DownloadMedia.swift; sourceTree = "<group>"; };
		85CA7DC21CD4D59500A4F249 /* ImageVideoExt.swift */ = {isa = PBXFileReference; fileEncoding = 4; lastKnownFileType = sourcecode.swift; path = ImageVideoExt.swift; sourceTree = "<group>"; };
		85F2B42D1CC4DD33004704F3 /* Hikebeat.app */ = {isa = PBXFileReference; explicitFileType = wrapper.application; includeInIndex = 0; path = Hikebeat.app; sourceTree = BUILT_PRODUCTS_DIR; };
		85F2B4301CC4DD33004704F3 /* AppDelegate.swift */ = {isa = PBXFileReference; lastKnownFileType = sourcecode.swift; path = AppDelegate.swift; sourceTree = "<group>"; };
		85F2B4321CC4DD33004704F3 /* LoadingViewController.swift */ = {isa = PBXFileReference; lastKnownFileType = sourcecode.swift; lineEnding = 0; path = LoadingViewController.swift; sourceTree = "<group>"; xcLanguageSpecificationIdentifier = xcode.lang.swift; };
		85F2B4351CC4DD33004704F3 /* Base */ = {isa = PBXFileReference; lastKnownFileType = file.storyboard; name = Base; path = Base.lproj/Main.storyboard; sourceTree = "<group>"; };
		85F2B4371CC4DD33004704F3 /* Assets.xcassets */ = {isa = PBXFileReference; lastKnownFileType = folder.assetcatalog; path = Assets.xcassets; sourceTree = "<group>"; };
		85F2B43C1CC4DD33004704F3 /* Info.plist */ = {isa = PBXFileReference; lastKnownFileType = text.plist.xml; path = Info.plist; sourceTree = "<group>"; };
		85F2B44C1CC4DD33004704F3 /* HikebeatUITests.xctest */ = {isa = PBXFileReference; explicitFileType = wrapper.cfbundle; includeInIndex = 0; path = HikebeatUITests.xctest; sourceTree = BUILT_PRODUCTS_DIR; };
		85F2B4501CC4DD33004704F3 /* HikebeatUITests.swift */ = {isa = PBXFileReference; lastKnownFileType = sourcecode.swift; path = HikebeatUITests.swift; sourceTree = "<group>"; };
		85F2B4521CC4DD33004704F3 /* Info.plist */ = {isa = PBXFileReference; lastKnownFileType = text.plist.xml; path = Info.plist; sourceTree = "<group>"; };
		85F2B4701CC4E3D2004704F3 /* Journey.swift */ = {isa = PBXFileReference; fileEncoding = 4; lastKnownFileType = sourcecode.swift; path = Journey.swift; sourceTree = "<group>"; };
		85F2B4721CC4E4E0004704F3 /* Beat.swift */ = {isa = PBXFileReference; fileEncoding = 4; lastKnownFileType = sourcecode.swift; path = Beat.swift; sourceTree = "<group>"; };
		85F2B4741CC4EF6A004704F3 /* Change.swift */ = {isa = PBXFileReference; fileEncoding = 4; lastKnownFileType = sourcecode.swift; path = Change.swift; sourceTree = "<group>"; };
		85FAEB7E1CE48D1A00887039 /* BeatPolyline.swift */ = {isa = PBXFileReference; fileEncoding = 4; lastKnownFileType = sourcecode.swift; path = BeatPolyline.swift; sourceTree = "<group>"; };
		85FAEB801CE48E3000887039 /* JourneyContainerVC.swift */ = {isa = PBXFileReference; fileEncoding = 4; lastKnownFileType = sourcecode.swift; path = JourneyContainerVC.swift; sourceTree = "<group>"; };
		85FBDA4E1E469DA300A1DF3A /* PaginatingVC.swift */ = {isa = PBXFileReference; fileEncoding = 4; lastKnownFileType = sourcecode.swift; path = PaginatingVC.swift; sourceTree = "<group>"; };
		85FBDA501E46A13B00A1DF3A /* TableViewPaginationFooter.swift */ = {isa = PBXFileReference; fileEncoding = 4; lastKnownFileType = sourcecode.swift; path = TableViewPaginationFooter.swift; sourceTree = "<group>"; };
		E111B0781CD0318800915401 /* LoginVC.swift */ = {isa = PBXFileReference; fileEncoding = 4; lastKnownFileType = sourcecode.swift; path = LoginVC.swift; sourceTree = "<group>"; };
		E11E37391CCBCE0000EBB467 /* Loading.storyboard */ = {isa = PBXFileReference; fileEncoding = 4; lastKnownFileType = file.storyboard; path = Loading.storyboard; sourceTree = "<group>"; };
		E11E373B1CCBDF6A00EBB467 /* ComposeVC.swift */ = {isa = PBXFileReference; fileEncoding = 4; lastKnownFileType = sourcecode.swift; path = ComposeVC.swift; sourceTree = "<group>"; };
		E1378D801D295E12002E8CD1 /* aCustomView.swift */ = {isa = PBXFileReference; fileEncoding = 4; lastKnownFileType = sourcecode.swift; path = aCustomView.swift; sourceTree = "<group>"; };
		E141F5C21CC94AA3004DA5D5 /* Extensions.swift */ = {isa = PBXFileReference; fileEncoding = 4; lastKnownFileType = sourcecode.swift; path = Extensions.swift; sourceTree = "<group>"; };
		E15A4CF41CD4B0560053496A /* JourneyVC.swift */ = {isa = PBXFileReference; fileEncoding = 4; lastKnownFileType = sourcecode.swift; path = JourneyVC.swift; sourceTree = "<group>"; };
		E15A4CF81CD4E6970053496A /* BeatsVC.swift */ = {isa = PBXFileReference; fileEncoding = 4; lastKnownFileType = sourcecode.swift; path = BeatsVC.swift; sourceTree = "<group>"; };
		E15A4CFA1CD4EABA0053496A /* BeatCollectionViewCell.swift */ = {isa = PBXFileReference; fileEncoding = 4; lastKnownFileType = sourcecode.swift; path = BeatCollectionViewCell.swift; sourceTree = "<group>"; };
		E16A510A1CD78B3100F335D2 /* UniversalListOfJourneysVC.swift */ = {isa = PBXFileReference; fileEncoding = 4; lastKnownFileType = sourcecode.swift; path = UniversalListOfJourneysVC.swift; sourceTree = "<group>"; };
		E17F5B2D1DFDC99800C1A2B0 /* WalkthroughVC.swift */ = {isa = PBXFileReference; fileEncoding = 4; lastKnownFileType = sourcecode.swift; lineEnding = 0; path = WalkthroughVC.swift; sourceTree = "<group>"; xcLanguageSpecificationIdentifier = xcode.lang.swift; };
		E18991611CD380E400EC46B2 /* JourneyViewCell.swift */ = {isa = PBXFileReference; fileEncoding = 4; lastKnownFileType = sourcecode.swift; path = JourneyViewCell.swift; sourceTree = "<group>"; };
		E18991631CD3A27A00EC46B2 /* ActiveJourneyCollectionViewCell.swift */ = {isa = PBXFileReference; fileEncoding = 4; lastKnownFileType = sourcecode.swift; path = ActiveJourneyCollectionViewCell.swift; sourceTree = "<group>"; };
		E18991651CD3ABD500EC46B2 /* CenterCellCollectionViewFlowLayout.swift */ = {isa = PBXFileReference; fileEncoding = 4; lastKnownFileType = sourcecode.swift; path = CenterCellCollectionViewFlowLayout.swift; sourceTree = "<group>"; };
		E18A06E21DFE03E10087A23E /* HikebeatWalkthroughFramework.swift */ = {isa = PBXFileReference; fileEncoding = 4; lastKnownFileType = sourcecode.swift; lineEnding = 0; path = HikebeatWalkthroughFramework.swift; sourceTree = "<group>"; xcLanguageSpecificationIdentifier = xcode.lang.swift; };
		E19A21261D9C1C7F002F9532 /* FeaturedJourneyViewCell.swift */ = {isa = PBXFileReference; fileEncoding = 4; lastKnownFileType = sourcecode.swift; path = FeaturedJourneyViewCell.swift; sourceTree = "<group>"; };
		E19A21281D9C2C3D002F9532 /* SearchViewController.swift */ = {isa = PBXFileReference; fileEncoding = 4; lastKnownFileType = sourcecode.swift; path = SearchViewController.swift; sourceTree = "<group>"; };
		E1AA1A2E1CD155F100C79B91 /* SignUpVC.swift */ = {isa = PBXFileReference; fileEncoding = 4; lastKnownFileType = sourcecode.swift; path = SignUpVC.swift; sourceTree = "<group>"; };
		E1AA1A301CD173A200C79B91 /* SettingsVC.swift */ = {isa = PBXFileReference; fileEncoding = 4; lastKnownFileType = sourcecode.swift; path = SettingsVC.swift; sourceTree = "<group>"; };
		E1B012021CD6595C000AB2F9 /* NewJourneyVC.swift */ = {isa = PBXFileReference; fileEncoding = 4; lastKnownFileType = sourcecode.swift; path = NewJourneyVC.swift; sourceTree = "<group>"; };
		E1B413891CCE864F00B8768B /* ModalVC.swift */ = {isa = PBXFileReference; fileEncoding = 4; lastKnownFileType = sourcecode.swift; path = ModalVC.swift; sourceTree = "<group>"; };
		E1B4138B1CCE9B4700B8768B /* EditEmotionVC.swift */ = {isa = PBXFileReference; fileEncoding = 4; lastKnownFileType = sourcecode.swift; path = EditEmotionVC.swift; sourceTree = "<group>"; };
		E1B84AB91CD246080047BD5A /* ProfileVC.swift */ = {isa = PBXFileReference; fileEncoding = 4; lastKnownFileType = sourcecode.swift; path = ProfileVC.swift; sourceTree = "<group>"; };
		E1B84ABB1CD26AB10047BD5A /* JourneysVC.swift */ = {isa = PBXFileReference; fileEncoding = 4; lastKnownFileType = sourcecode.swift; path = JourneysVC.swift; sourceTree = "<group>"; };
		E1B84ABD1CD26ABE0047BD5A /* SocialVC.swift */ = {isa = PBXFileReference; fileEncoding = 4; lastKnownFileType = sourcecode.swift; path = SocialVC.swift; sourceTree = "<group>"; };
		E1BC81C21CCEEB55008A4518 /* EditMessageVC.swift */ = {isa = PBXFileReference; fileEncoding = 4; lastKnownFileType = sourcecode.swift; path = EditMessageVC.swift; sourceTree = "<group>"; };
		E1CD74001E637F460049899B /* Agrume.h */ = {isa = PBXFileReference; fileEncoding = 4; lastKnownFileType = sourcecode.c.h; name = Agrume.h; path = Agrume/Agrume.h; sourceTree = "<group>"; };
		E1CD74011E637F460049899B /* Agrume.swift */ = {isa = PBXFileReference; fileEncoding = 4; lastKnownFileType = sourcecode.swift; name = Agrume.swift; path = Agrume/Agrume.swift; sourceTree = "<group>"; };
		E1CD74021E637F460049899B /* AgrumeCell.swift */ = {isa = PBXFileReference; fileEncoding = 4; lastKnownFileType = sourcecode.swift; name = AgrumeCell.swift; path = Agrume/AgrumeCell.swift; sourceTree = "<group>"; };
		E1CD74031E637F460049899B /* AgrumeServiceLocator.swift */ = {isa = PBXFileReference; fileEncoding = 4; lastKnownFileType = sourcecode.swift; name = AgrumeServiceLocator.swift; path = Agrume/AgrumeServiceLocator.swift; sourceTree = "<group>"; };
		E1CD74041E637F460049899B /* ImageDownloader.swift */ = {isa = PBXFileReference; fileEncoding = 4; lastKnownFileType = sourcecode.swift; name = ImageDownloader.swift; path = Agrume/ImageDownloader.swift; sourceTree = "<group>"; };
		E1CD74051E637F460049899B /* UIViewExtensions.swift */ = {isa = PBXFileReference; fileEncoding = 4; lastKnownFileType = sourcecode.swift; name = UIViewExtensions.swift; path = Agrume/UIViewExtensions.swift; sourceTree = "<group>"; };
/* End PBXFileReference section */

/* Begin PBXFrameworksBuildPhase section */
		852469DF1E2053850074F831 /* Frameworks */ = {
			isa = PBXFrameworksBuildPhase;
			buildActionMask = 2147483647;
			files = (
				852469EC1E2053BA0074F831 /* Alamofire.framework in Frameworks */,
				852469ED1E2053BA0074F831 /* AlamofireImage.framework in Frameworks */,
				852469EE1E2053BA0074F831 /* BrightFutures.framework in Frameworks */,
				852469EF1E2053BA0074F831 /* Realm.framework in Frameworks */,
				852469F01E2053BA0074F831 /* RealmSwift.framework in Frameworks */,
				852469F11E2053BA0074F831 /* Result.framework in Frameworks */,
				852469F21E2053BA0074F831 /* SwiftyJSON.framework in Frameworks */,
			);
			runOnlyForDeploymentPostprocessing = 0;
		};
		85F2B42A1CC4DD33004704F3 /* Frameworks */ = {
			isa = PBXFrameworksBuildPhase;
			buildActionMask = 2147483647;
			files = (
				851A51EE1D9A6C1700CA7EA5 /* Alamofire.framework in Frameworks */,
				851A51EF1D9A6C1700CA7EA5 /* AlamofireImage.framework in Frameworks */,
				851A51F01D9A6C1700CA7EA5 /* BrightFutures.framework in Frameworks */,
				851A51F11D9A6C1700CA7EA5 /* Realm.framework in Frameworks */,
				851A51F21D9A6C1700CA7EA5 /* RealmSwift.framework in Frameworks */,
				851A51F31D9A6C1700CA7EA5 /* Result.framework in Frameworks */,
				851A51F41D9A6C1700CA7EA5 /* SwiftyJSON.framework in Frameworks */,
				85017F121E3BF5EB0054751B /* Bolts.framework in Frameworks */,
				85017F0A1E3BEA210054751B /* FacebookCore.framework in Frameworks */,
				85017F0B1E3BEA210054751B /* FacebookLogin.framework in Frameworks */,
				85017F0C1E3BEA210054751B /* FacebookShare.framework in Frameworks */,
				85017F0D1E3BEA210054751B /* FBSDKCoreKit.framework in Frameworks */,
				85017F0E1E3BEA210054751B /* FBSDKLoginKit.framework in Frameworks */,
				85017F0F1E3BEA210054751B /* FBSDKShareKit.framework in Frameworks */,
				85017F141E3BF9240054751B /* NVActivityIndicatorView.framework in Frameworks */,
				8518F1481E4CDD520084A5FD /* Regift.framework in Frameworks */,
				85017F101E3BEA210054751B /* JWTDecode.framework in Frameworks */,
				85017F111E3BEA210054751B /* SwiftyDrop.framework in Frameworks */,
			);
			runOnlyForDeploymentPostprocessing = 0;
		};
		85F2B4491CC4DD33004704F3 /* Frameworks */ = {
			isa = PBXFrameworksBuildPhase;
			buildActionMask = 2147483647;
			files = (
			);
			runOnlyForDeploymentPostprocessing = 0;
		};
/* End PBXFrameworksBuildPhase section */

/* Begin PBXGroup section */
		8512E0EF1CD4DC8B0085CE2B /* Config and Utils */ = {
			isa = PBXGroup;
			children = (
				8512E0F01CD4DC9E0085CE2B /* RotationExtension.swift */,
				8512E0F21CD4E7520085CE2B /* Config.swift */,
				8512E0F31CD4E7520085CE2B /* Structs.swift */,
				8512E0F41CD4E7520085CE2B /* utils.swift */,
				852469CE1E204EEE0074F831 /* ErrorEnums.swift */,
				853DD11B1E5F30730038663B /* ContactManipulation.swift */,
			);
			name = "Config and Utils";
			sourceTree = "<group>";
		};
		852469E31E2053850074F831 /* APITests */ = {
			isa = PBXGroup;
			children = (
				85562F631E2C11800078CC51 /* SocialTests.swift */,
				852469E61E2053850074F831 /* Info.plist */,
				852469F31E2053E30074F831 /* UploadMediaTests.swift */,
				85575AB61E3BE3C800F316D0 /* UserTests.swift */,
			);
			path = APITests;
			sourceTree = "<group>";
		};
		8525E7CC1CF2F8D500D87BB5 /* Network */ = {
			isa = PBXGroup;
			children = (
				85575AB51E3BE1A300F316D0 /* Sync */,
				85B890E51D59EB16009589E6 /* DownloadMedia.swift */,
				8593DAAC1DF3248500604BFA /* JourneyCalls.swift */,
				8593DAAE1DF325C500604BFA /* Save.swift */,
				85A067A31DFC4227006431E5 /* SocialCalls.swift */,
				8504199D1E0AC51B0008906A /* SimCardCalls.swift */,
				852469CB1E2034400074F831 /* UploadMedia.swift */,
				85562F3E1E2AE5170078CC51 /* UserCalls.swift */,
				854D939D1E2D823400FB57F9 /* ComposeCalls.swift */,
				85A7128E1E683642003F9EF0 /* Calls.swift */,
			);
			name = Network;
			sourceTree = "<group>";
		};
		8549C76E1D89ECFE00313EBB /* Frameworks */ = {
			isa = PBXGroup;
			children = (
				8518F1471E4CDD520084A5FD /* Regift.framework */,
				85017F131E3BF9240054751B /* NVActivityIndicatorView.framework */,
				85017F001E3BEA210054751B /* Bolts.framework */,
				85017F011E3BEA210054751B /* FacebookCore.framework */,
				85017F021E3BEA210054751B /* FacebookLogin.framework */,
				85017F031E3BEA210054751B /* FacebookShare.framework */,
				85017F041E3BEA210054751B /* FBSDKCoreKit.framework */,
				85017F051E3BEA210054751B /* FBSDKLoginKit.framework */,
				85017F061E3BEA210054751B /* FBSDKShareKit.framework */,
				85017F071E3BEA210054751B /* JWTDecode.framework */,
				85017F081E3BEA210054751B /* SwiftyDrop.framework */,
				854D93991E2D559F00FB57F9 /* BRYXBanner.framework */,
				851A51E71D9A6C1700CA7EA5 /* Alamofire.framework */,
				851A51E81D9A6C1700CA7EA5 /* AlamofireImage.framework */,
				851A51E91D9A6C1700CA7EA5 /* BrightFutures.framework */,
				851A51EA1D9A6C1700CA7EA5 /* Realm.framework */,
				851A51EB1D9A6C1700CA7EA5 /* RealmSwift.framework */,
				851A51EC1D9A6C1700CA7EA5 /* Result.framework */,
				851A51ED1D9A6C1700CA7EA5 /* SwiftyJSON.framework */,
			);
			name = Frameworks;
			sourceTree = "<group>";
		};
		85575AB51E3BE1A300F316D0 /* Sync */ = {
			isa = PBXGroup;
			children = (
				8525E7D01CF2F92600D87BB5 /* SendChanges.swift */,
				8525E7D11CF2F92600D87BB5 /* SendMedia.swift */,
				8525E7D21CF2F92600D87BB5 /* SyncAll.swift */,
				854D939B1E2D81A400FB57F9 /* SendBeats.swift */,
			);
			name = Sync;
			sourceTree = "<group>";
		};
		858EFEF61D186C8B00C50771 /* SCLAlertView */ = {
			isa = PBXGroup;
			children = (
				858D263A1D8AE11300019E8F /* SCLAlertView.swift */,
				858D263B1D8AE11300019E8F /* SCLExtensions.swift */,
			);
			name = SCLAlertView;
			sourceTree = "<group>";
		};
		858EFF051D19BDCD00C50771 /* ImageEnlargement */ = {
			isa = PBXGroup;
			children = (
				858EFF061D19BDDA00C50771 /* JTSImageViewController.h */,
				858EFF071D19BDDA00C50771 /* JTSImageViewController.m */,
				858EFF081D19BDDA00C50771 /* JTSImageInfo.h */,
				858EFF091D19BDDA00C50771 /* JTSImageInfo.m */,
				858EFF0A1D19BDDA00C50771 /* JTSSimpleImageDownloader.h */,
				858EFF0B1D19BDDA00C50771 /* JTSSimpleImageDownloader.m */,
				858EFF0C1D19BDDA00C50771 /* JTSAnimatedGIFUtility.h */,
				858EFF0D1D19BDDA00C50771 /* JTSAnimatedGIFUtility.m */,
				858EFF0E1D19BDDA00C50771 /* UIImage+JTSImageEffects.h */,
				858EFF0F1D19BDDA00C50771 /* UIImage+JTSImageEffects.m */,
				858EFF101D19BDDA00C50771 /* UIApplication+JTSImageViewController.h */,
				858EFF111D19BDDA00C50771 /* UIApplication+JTSImageViewController.m */,
			);
			name = ImageEnlargement;
			sourceTree = "<group>";
		};
		85A7D0D61CEDDBD400EC9578 /* Journey */ = {
			isa = PBXGroup;
			children = (
				E18991611CD380E400EC46B2 /* JourneyViewCell.swift */,
				E1B84ABB1CD26AB10047BD5A /* JourneysVC.swift */,
				E15A4CF41CD4B0560053496A /* JourneyVC.swift */,
				E1B012021CD6595C000AB2F9 /* NewJourneyVC.swift */,
				85FAEB801CE48E3000887039 /* JourneyContainerVC.swift */,
				E15A4CF81CD4E6970053496A /* BeatsVC.swift */,
				E15A4CFA1CD4EABA0053496A /* BeatCollectionViewCell.swift */,
				858EFF181D19C26B00C50771 /* ShowImageModalVC.swift */,
			);
			name = Journey;
			sourceTree = "<group>";
		};
		85A7D0D71CEDDBE500EC9578 /* Social */ = {
			isa = PBXGroup;
			children = (
				E19A21261D9C1C7F002F9532 /* FeaturedJourneyViewCell.swift */,
				E1B84ABD1CD26ABE0047BD5A /* SocialVC.swift */,
				E19A21281D9C2C3D002F9532 /* SearchViewController.swift */,
				8593DB0E1DFC10EC00604BFA /* SearchVC.swift */,
				8593DB101DFC187E00604BFA /* SearchJourneyCell.swift */,
				8593DB121DFC188A00604BFA /* SearchUserCell.swift */,
				85562F5C1E2BFFA30078CC51 /* TableViewSectionHeader.swift */,
				85562F651E2C3C250078CC51 /* TableViewSectionFooter.swift */,
				85FBDA501E46A13B00A1DF3A /* TableViewPaginationFooter.swift */,
			);
			name = Social;
			sourceTree = "<group>";
		};
		85A7D0D81CEDDBEB00EC9578 /* Compose */ = {
			isa = PBXGroup;
			children = (
				E11E373B1CCBDF6A00EBB467 /* ComposeVC.swift */,
				85CA7DC21CD4D59500A4F249 /* ImageVideoExt.swift */,
				8593DB0A1DFB618900604BFA /* SelectJourneyExt.swift */,
				E1B4138B1CCE9B4700B8768B /* EditEmotionVC.swift */,
				E1BC81C21CCEEB55008A4518 /* EditMessageVC.swift */,
				858EFEFF1D19874700C50771 /* RecordAudioVC.swift */,
				858EFF031D19897100C50771 /* MemoExt.swift */,
				85A580971D4F46EE00B38B1C /* EmotionCell.swift */,
				8593DB0C1DFB6BC400604BFA /* SelectJourneyCell.swift */,
			);
			name = Compose;
			sourceTree = "<group>";
		};
		85A7D0D91CEDDBFA00EC9578 /* Profile */ = {
			isa = PBXGroup;
			children = (
				E1B84AB91CD246080047BD5A /* ProfileVC.swift */,
			);
			name = Profile;
			sourceTree = "<group>";
		};
		85A7D0DA1CEDDC0400EC9578 /* Settings */ = {
			isa = PBXGroup;
			children = (
				E1AA1A301CD173A200C79B91 /* SettingsVC.swift */,
			);
			name = Settings;
			sourceTree = "<group>";
		};
		85A7D0DC1CEDDC2100EC9578 /* Starting */ = {
			isa = PBXGroup;
			children = (
				85F2B4321CC4DD33004704F3 /* LoadingViewController.swift */,
				E111B0781CD0318800915401 /* LoginVC.swift */,
				E1AA1A2E1CD155F100C79B91 /* SignUpVC.swift */,
				E17F5B2D1DFDC99800C1A2B0 /* WalkthroughVC.swift */,
			);
			name = Starting;
			sourceTree = "<group>";
		};
		85A7D0DD1CEDDCCD00EC9578 /* Universal */ = {
			isa = PBXGroup;
			children = (
				85FBDA4E1E469DA300A1DF3A /* PaginatingVC.swift */,
				E1B413891CCE864F00B8768B /* ModalVC.swift */,
				E18991631CD3A27A00EC46B2 /* ActiveJourneyCollectionViewCell.swift */,
				E18991651CD3ABD500EC46B2 /* CenterCellCollectionViewFlowLayout.swift */,
				E16A510A1CD78B3100F335D2 /* UniversalListOfJourneysVC.swift */,
				E1378D801D295E12002E8CD1 /* aCustomView.swift */,
				85869CD01CCE019A004CFF4F /* HikebeatTabBarVC.swift */,
			);
			name = Universal;
			sourceTree = "<group>";
		};
		85AC906C1CE4877F007BE5C2 /* MapFiles */ = {
			isa = PBXGroup;
			children = (
				85AC906E1CE487AF007BE5C2 /* SVPulsingAnnotationView.h */,
				851A51F51D9A6CAB00CA7EA5 /* Async.swift */,
				85AC906F1CE487AF007BE5C2 /* SVPulsingAnnotationView.m */,
				85AC90711CE487AF007BE5C2 /* LFTPulseAnimation.swift */,
			);
			name = MapFiles;
			sourceTree = "<group>";
		};
		85CA7DBD1CCE7BEC00A4F249 /* Reachability */ = {
			isa = PBXGroup;
			children = (
				851A51F71D9A6DB700CA7EA5 /* Reachability.swift */,
				8512E0F81CD4E9BD0085CE2B /* SimpleReachability.swift */,
			);
			name = Reachability;
			sourceTree = "<group>";
		};
		85F2B4241CC4DD33004704F3 = {
			isa = PBXGroup;
			children = (
				85F2B46C1CC4E353004704F3 /* Frameworks and Libs */,
				85F2B42F1CC4DD33004704F3 /* Hikebeat */,
				85F2B44F1CC4DD33004704F3 /* HikebeatUITests */,
				852469E31E2053850074F831 /* APITests */,
				85F2B42E1CC4DD33004704F3 /* Products */,
				8549C76E1D89ECFE00313EBB /* Frameworks */,
			);
			sourceTree = "<group>";
		};
		85F2B42E1CC4DD33004704F3 /* Products */ = {
			isa = PBXGroup;
			children = (
				85F2B42D1CC4DD33004704F3 /* Hikebeat.app */,
				85F2B44C1CC4DD33004704F3 /* HikebeatUITests.xctest */,
				852469E21E2053850074F831 /* APITests.xctest */,
			);
			name = Products;
			sourceTree = "<group>";
		};
		85F2B42F1CC4DD33004704F3 /* Hikebeat */ = {
			isa = PBXGroup;
			children = (
				851A51F91D9A97E500CA7EA5 /* Hikebeat.entitlements */,
				8525E7CC1CF2F8D500D87BB5 /* Network */,
				8512E0EF1CD4DC8B0085CE2B /* Config and Utils */,
				85F2B46F1CC4E384004704F3 /* Controller */,
				85F2B46E1CC4E379004704F3 /* View */,
				85F2B46D1CC4E372004704F3 /* Model */,
				85F2B4301CC4DD33004704F3 /* AppDelegate.swift */,
				E141F5C21CC94AA3004DA5D5 /* Extensions.swift */,
				85F2B4371CC4DD33004704F3 /* Assets.xcassets */,
				85F2B43C1CC4DD33004704F3 /* Info.plist */,
			);
			path = Hikebeat;
			sourceTree = "<group>";
		};
		85F2B44F1CC4DD33004704F3 /* HikebeatUITests */ = {
			isa = PBXGroup;
			children = (
				85F2B4501CC4DD33004704F3 /* HikebeatUITests.swift */,
				85F2B4521CC4DD33004704F3 /* Info.plist */,
			);
			path = HikebeatUITests;
			sourceTree = "<group>";
		};
		85F2B46C1CC4E353004704F3 /* Frameworks and Libs */ = {
			isa = PBXGroup;
			children = (
				E1CD73FF1E637F370049899B /* Agrume */,
				85AC906D1CE487AE007BE5C2 /* Hikebeat-Bridging-Header.h */,
				858EFF051D19BDCD00C50771 /* ImageEnlargement */,
				858EFEF61D186C8B00C50771 /* SCLAlertView */,
				E17F5B301DFDE9CA00C1A2B0 /* Walkthrough */,
				85AC906C1CE4877F007BE5C2 /* MapFiles */,
				85CA7DBD1CCE7BEC00A4F249 /* Reachability */,
			);
			name = "Frameworks and Libs";
			sourceTree = "<group>";
		};
		85F2B46D1CC4E372004704F3 /* Model */ = {
			isa = PBXGroup;
			children = (
				85FAEB7E1CE48D1A00887039 /* BeatPolyline.swift */,
				85AC90751CE4887C007BE5C2 /* BeatPin.swift */,
				85F2B4701CC4E3D2004704F3 /* Journey.swift */,
				85F2B4721CC4E4E0004704F3 /* Beat.swift */,
				85F2B4741CC4EF6A004704F3 /* Change.swift */,
				859EB30A1CDB6A88005353C0 /* Follower.swift */,
				85A067A51DFC4486006431E5 /* User.swift */,
				85562F5E1E2C025F0078CC51 /* Search.swift */,
				853DD1191E5F26970038663B /* Pair.swift */,
				852C4C671E68756E0086055A /* UserList.swift */,
				852C4C691E687DC50086055A /* PaginatingList.swift */,
			);
			name = Model;
			sourceTree = "<group>";
		};
		85F2B46E1CC4E379004704F3 /* View */ = {
			isa = PBXGroup;
			children = (
				85F2B4341CC4DD33004704F3 /* Main.storyboard */,
				E11E37391CCBCE0000EBB467 /* Loading.storyboard */,
			);
			name = View;
			sourceTree = "<group>";
		};
		85F2B46F1CC4E384004704F3 /* Controller */ = {
			isa = PBXGroup;
			children = (
				85A7D0DD1CEDDCCD00EC9578 /* Universal */,
				85A7D0DC1CEDDC2100EC9578 /* Starting */,
				85A7D0D61CEDDBD400EC9578 /* Journey */,
				85A7D0D71CEDDBE500EC9578 /* Social */,
				85A7D0D81CEDDBEB00EC9578 /* Compose */,
				85A7D0D91CEDDBFA00EC9578 /* Profile */,
				85A7D0DA1CEDDC0400EC9578 /* Settings */,
			);
			name = Controller;
			sourceTree = "<group>";
		};
		E17F5B301DFDE9CA00C1A2B0 /* Walkthrough */ = {
			isa = PBXGroup;
			children = (
				E18A06E21DFE03E10087A23E /* HikebeatWalkthroughFramework.swift */,
			);
			name = Walkthrough;
			sourceTree = "<group>";
		};
		E1CD73FF1E637F370049899B /* Agrume */ = {
			isa = PBXGroup;
			children = (
				E1CD74001E637F460049899B /* Agrume.h */,
				E1CD74011E637F460049899B /* Agrume.swift */,
				E1CD74021E637F460049899B /* AgrumeCell.swift */,
				E1CD74031E637F460049899B /* AgrumeServiceLocator.swift */,
				E1CD74041E637F460049899B /* ImageDownloader.swift */,
				E1CD74051E637F460049899B /* UIViewExtensions.swift */,
			);
			name = Agrume;
			sourceTree = "<group>";
		};
/* End PBXGroup section */

/* Begin PBXNativeTarget section */
		852469E11E2053850074F831 /* APITests */ = {
			isa = PBXNativeTarget;
			buildConfigurationList = 852469E91E2053850074F831 /* Build configuration list for PBXNativeTarget "APITests" */;
			buildPhases = (
				852469DE1E2053850074F831 /* Sources */,
				852469DF1E2053850074F831 /* Frameworks */,
				852469E01E2053850074F831 /* Resources */,
			);
			buildRules = (
			);
			dependencies = (
				852469E81E2053850074F831 /* PBXTargetDependency */,
			);
			name = APITests;
			productName = APITests;
			productReference = 852469E21E2053850074F831 /* APITests.xctest */;
			productType = "com.apple.product-type.bundle.unit-test";
		};
		85F2B42C1CC4DD33004704F3 /* Hikebeat */ = {
			isa = PBXNativeTarget;
			buildConfigurationList = 85F2B4551CC4DD33004704F3 /* Build configuration list for PBXNativeTarget "Hikebeat" */;
			buildPhases = (
				85F2B4291CC4DD33004704F3 /* Sources */,
				85F2B42A1CC4DD33004704F3 /* Frameworks */,
				85F2B42B1CC4DD33004704F3 /* Resources */,
				851A51E61D9A698700CA7EA5 /* ShellScript */,
			);
			buildRules = (
			);
			dependencies = (
			);
			name = Hikebeat;
			productName = Hikebeat;
			productReference = 85F2B42D1CC4DD33004704F3 /* Hikebeat.app */;
			productType = "com.apple.product-type.application";
		};
		85F2B44B1CC4DD33004704F3 /* HikebeatUITests */ = {
			isa = PBXNativeTarget;
			buildConfigurationList = 85F2B45B1CC4DD33004704F3 /* Build configuration list for PBXNativeTarget "HikebeatUITests" */;
			buildPhases = (
				85F2B4481CC4DD33004704F3 /* Sources */,
				85F2B4491CC4DD33004704F3 /* Frameworks */,
				85F2B44A1CC4DD33004704F3 /* Resources */,
			);
			buildRules = (
			);
			dependencies = (
				85F2B44E1CC4DD33004704F3 /* PBXTargetDependency */,
			);
			name = HikebeatUITests;
			productName = HikebeatUITests;
			productReference = 85F2B44C1CC4DD33004704F3 /* HikebeatUITests.xctest */;
			productType = "com.apple.product-type.bundle.ui-testing";
		};
/* End PBXNativeTarget section */

/* Begin PBXProject section */
		85F2B4251CC4DD33004704F3 /* Project object */ = {
			isa = PBXProject;
			attributes = {
				LastSwiftUpdateCheck = 0820;
				LastUpgradeCheck = 0820;
				ORGANIZATIONNAME = "Niklas Gundlev";
				TargetAttributes = {
					852469E11E2053850074F831 = {
						CreatedOnToolsVersion = 8.2.1;
						ProvisioningStyle = Automatic;
						TestTargetID = 85F2B42C1CC4DD33004704F3;
					};
					85F2B42C1CC4DD33004704F3 = {
						CreatedOnToolsVersion = 7.3;
						DevelopmentTeam = 62PHHA9WNZ;
						LastSwiftMigration = 0800;
						ProvisioningStyle = Automatic;
						SystemCapabilities = {
							com.apple.BackgroundModes = {
								enabled = 1;
							};
							com.apple.Push = {
								enabled = 1;
							};
						};
					};
					85F2B44B1CC4DD33004704F3 = {
						CreatedOnToolsVersion = 7.3;
						LastSwiftMigration = 0800;
						TestTargetID = 85F2B42C1CC4DD33004704F3;
					};
				};
			};
			buildConfigurationList = 85F2B4281CC4DD33004704F3 /* Build configuration list for PBXProject "Hikebeat" */;
			compatibilityVersion = "Xcode 3.2";
			developmentRegion = English;
			hasScannedForEncodings = 0;
			knownRegions = (
				en,
				Base,
			);
			mainGroup = 85F2B4241CC4DD33004704F3;
			productRefGroup = 85F2B42E1CC4DD33004704F3 /* Products */;
			projectDirPath = "";
			projectRoot = "";
			targets = (
				85F2B42C1CC4DD33004704F3 /* Hikebeat */,
				85F2B44B1CC4DD33004704F3 /* HikebeatUITests */,
				852469E11E2053850074F831 /* APITests */,
			);
		};
/* End PBXProject section */

/* Begin PBXResourcesBuildPhase section */
		852469E01E2053850074F831 /* Resources */ = {
			isa = PBXResourcesBuildPhase;
			buildActionMask = 2147483647;
			files = (
			);
			runOnlyForDeploymentPostprocessing = 0;
		};
		85F2B42B1CC4DD33004704F3 /* Resources */ = {
			isa = PBXResourcesBuildPhase;
			buildActionMask = 2147483647;
			files = (
				E1A3F6A11CD570B2005D9775 /* Main.storyboard in Resources */,
				E11E373A1CCBCE0000EBB467 /* Loading.storyboard in Resources */,
				85F2B4381CC4DD33004704F3 /* Assets.xcassets in Resources */,
			);
			runOnlyForDeploymentPostprocessing = 0;
		};
		85F2B44A1CC4DD33004704F3 /* Resources */ = {
			isa = PBXResourcesBuildPhase;
			buildActionMask = 2147483647;
			files = (
			);
			runOnlyForDeploymentPostprocessing = 0;
		};
/* End PBXResourcesBuildPhase section */

/* Begin PBXShellScriptBuildPhase section */
		851A51E61D9A698700CA7EA5 /* ShellScript */ = {
			isa = PBXShellScriptBuildPhase;
			buildActionMask = 2147483647;
			files = (
			);
			inputPaths = (
				"$(SRCROOT)/Carthage/Build/iOS/Alamofire.framework",
				"$(SRCROOT)/Carthage/Build/iOS/AlamofireImage.framework",
				"$(SRCROOT)/Carthage/Build/iOS/SwiftyJSON.framework",
				"$(SRCROOT)/Carthage/Build/iOS/BrightFutures.framework",
				"$(SRCROOT)/Carthage/Build/iOS/Result.framework",
				"$(SRCROOT)/Carthage/Build/iOS/Realm.framework",
				"$(SRCROOT)/Carthage/Build/iOS/RealmSwift.framework",
				"$(SRCROOT)/Carthage/Build/iOS/SwiftyDrop.framework",
				"$(SRCROOT)/Carthage/Build/iOS/JWTDecode.framework",
				"$(SRCROOT)/Carthage/Build/iOS/Bolts.framework",
				"$(SRCROOT)/Carthage/Build/iOS/FBSDKLoginKit.framework",
				"$(SRCROOT)/Carthage/Build/iOS/FBSDKShareKit.framework",
				"$(SRCROOT)/Carthage/Build/iOS/FBSDKCoreKit.framework",
				"$(SRCROOT)/Carthage/Build/iOS/FacebookLogin.framework",
				"$(SRCROOT)/Carthage/Build/iOS/FacebookShare.framework",
				"$(SRCROOT)/Carthage/Build/iOS/FacebookCore.framework",
				"$(SRCROOT)/Carthage/Build/iOS/NVActivityIndicatorView.framework",
				"$(SRCROOT)/Carthage/Build/iOS/Regift.framework",
			);
			outputPaths = (
			);
			runOnlyForDeploymentPostprocessing = 0;
			shellPath = /bin/sh;
			shellScript = "/usr/local/bin/carthage copy-frameworks";
		};
/* End PBXShellScriptBuildPhase section */

/* Begin PBXSourcesBuildPhase section */
		852469DE1E2053850074F831 /* Sources */ = {
			isa = PBXSourcesBuildPhase;
			buildActionMask = 2147483647;
			files = (
				85575AB71E3BE3C800F316D0 /* UserTests.swift in Sources */,
				85562F641E2C11800078CC51 /* SocialTests.swift in Sources */,
				852469F41E2053E30074F831 /* UploadMediaTests.swift in Sources */,
			);
			runOnlyForDeploymentPostprocessing = 0;
		};
		85F2B4291CC4DD33004704F3 /* Sources */ = {
			isa = PBXSourcesBuildPhase;
			buildActionMask = 2147483647;
			files = (
				858EFF001D19874700C50771 /* RecordAudioVC.swift in Sources */,
				85B890E61D59EB16009589E6 /* DownloadMedia.swift in Sources */,
				858EFF141D19BDDA00C50771 /* JTSSimpleImageDownloader.m in Sources */,
				E1AA1A2F1CD155F100C79B91 /* SignUpVC.swift in Sources */,
				E1CD74071E637F460049899B /* AgrumeCell.swift in Sources */,
				8593DB111DFC187E00604BFA /* SearchJourneyCell.swift in Sources */,
				858D263C1D8AE11300019E8F /* SCLAlertView.swift in Sources */,
				E1B84ABE1CD26ABE0047BD5A /* SocialVC.swift in Sources */,
				8504199E1E0AC51B0008906A /* SimCardCalls.swift in Sources */,
				85AC90761CE4887C007BE5C2 /* BeatPin.swift in Sources */,
				858EFF131D19BDDA00C50771 /* JTSImageInfo.m in Sources */,
				858EFF191D19C26B00C50771 /* ShowImageModalVC.swift in Sources */,
				8512E0F61CD4E7520085CE2B /* Structs.swift in Sources */,
				858EFF041D19897100C50771 /* MemoExt.swift in Sources */,
				E1CD74081E637F460049899B /* AgrumeServiceLocator.swift in Sources */,
				85F2B4711CC4E3D2004704F3 /* Journey.swift in Sources */,
				E18991641CD3A27A00EC46B2 /* ActiveJourneyCollectionViewCell.swift in Sources */,
				85562F3F1E2AE5170078CC51 /* UserCalls.swift in Sources */,
				E15A4CFB1CD4EABA0053496A /* BeatCollectionViewCell.swift in Sources */,
				E11E373C1CCBDF6A00EBB467 /* ComposeVC.swift in Sources */,
				E17F5B2E1DFDC99800C1A2B0 /* WalkthroughVC.swift in Sources */,
				E1BC81C31CCEEB55008A4518 /* EditMessageVC.swift in Sources */,
				E1CD740A1E637F460049899B /* UIViewExtensions.swift in Sources */,
				851A51F61D9A6CAB00CA7EA5 /* Async.swift in Sources */,
				858EFF121D19BDDA00C50771 /* JTSImageViewController.m in Sources */,
				858EFF161D19BDDA00C50771 /* UIImage+JTSImageEffects.m in Sources */,
				E18A06E31DFE03E10087A23E /* HikebeatWalkthroughFramework.swift in Sources */,
				E1B84ABA1CD246080047BD5A /* ProfileVC.swift in Sources */,
				E15A4CF51CD4B0560053496A /* JourneyVC.swift in Sources */,
				858EFF171D19BDDA00C50771 /* UIApplication+JTSImageViewController.m in Sources */,
				8525E7D61CF2F92600D87BB5 /* SendMedia.swift in Sources */,
				E18991661CD3ABD500EC46B2 /* CenterCellCollectionViewFlowLayout.swift in Sources */,
				85CA7DC31CD4D59500A4F249 /* ImageVideoExt.swift in Sources */,
				E1A3F6A21CD570DD005D9775 /* BeatsVC.swift in Sources */,
				E19A21271D9C1C7F002F9532 /* FeaturedJourneyViewCell.swift in Sources */,
				852C4C6A1E687DC50086055A /* PaginatingList.swift in Sources */,
				854D939C1E2D81A400FB57F9 /* SendBeats.swift in Sources */,
				85869CD11CCE019A004CFF4F /* HikebeatTabBarVC.swift in Sources */,
				85A7128F1E683642003F9EF0 /* Calls.swift in Sources */,
				85F2B4751CC4EF6A004704F3 /* Change.swift in Sources */,
				8512E0F51CD4E7520085CE2B /* Config.swift in Sources */,
				E19A21291D9C2C3D002F9532 /* SearchViewController.swift in Sources */,
				852469CF1E204EEE0074F831 /* ErrorEnums.swift in Sources */,
				85F2B4731CC4E4E0004704F3 /* Beat.swift in Sources */,
				858D263D1D8AE11300019E8F /* SCLExtensions.swift in Sources */,
				E1B84ABC1CD26AB10047BD5A /* JourneysVC.swift in Sources */,
				85562F5D1E2BFFA30078CC51 /* TableViewSectionHeader.swift in Sources */,
				8593DAAF1DF325C500604BFA /* Save.swift in Sources */,
				858EFF151D19BDDA00C50771 /* JTSAnimatedGIFUtility.m in Sources */,
				85FBDA4F1E469DA300A1DF3A /* PaginatingVC.swift in Sources */,
				8593DB0F1DFC10EC00604BFA /* SearchVC.swift in Sources */,
				8593DB0B1DFB618900604BFA /* SelectJourneyExt.swift in Sources */,
				85FAEB811CE48E3000887039 /* JourneyContainerVC.swift in Sources */,
				85562F661E2C3C250078CC51 /* TableViewSectionFooter.swift in Sources */,
				859EB30B1CDB6A88005353C0 /* Follower.swift in Sources */,
				853DD11A1E5F26970038663B /* Pair.swift in Sources */,
				E1378D811D295E12002E8CD1 /* aCustomView.swift in Sources */,
				E1CD74091E637F460049899B /* ImageDownloader.swift in Sources */,
				8593DAAD1DF3248500604BFA /* JourneyCalls.swift in Sources */,
				851A51F81D9A6DB700CA7EA5 /* Reachability.swift in Sources */,
				8525E7D51CF2F92600D87BB5 /* SendChanges.swift in Sources */,
				8512E0F11CD4DC9E0085CE2B /* RotationExtension.swift in Sources */,
				85FAEB7F1CE48D1A00887039 /* BeatPolyline.swift in Sources */,
				8512E0F71CD4E7520085CE2B /* utils.swift in Sources */,
				E1B4138A1CCE864F00B8768B /* ModalVC.swift in Sources */,
				852C4C681E68756E0086055A /* UserList.swift in Sources */,
				85562F5F1E2C025F0078CC51 /* Search.swift in Sources */,
				85AC90721CE487AF007BE5C2 /* SVPulsingAnnotationView.m in Sources */,
				852469CC1E2034400074F831 /* UploadMedia.swift in Sources */,
				85A580981D4F46EE00B38B1C /* EmotionCell.swift in Sources */,
				85F2B4331CC4DD33004704F3 /* LoadingViewController.swift in Sources */,
				E111B0791CD0318800915401 /* LoginVC.swift in Sources */,
				8512E0F91CD4E9BD0085CE2B /* SimpleReachability.swift in Sources */,
				85F2B4311CC4DD33004704F3 /* AppDelegate.swift in Sources */,
				854D939E1E2D823400FB57F9 /* ComposeCalls.swift in Sources */,
				E18991621CD380E400EC46B2 /* JourneyViewCell.swift in Sources */,
				8593DB131DFC188A00604BFA /* SearchUserCell.swift in Sources */,
				E1B4138C1CCE9B4700B8768B /* EditEmotionVC.swift in Sources */,
				85FBDA511E46A13B00A1DF3A /* TableViewPaginationFooter.swift in Sources */,
				E16A510B1CD78B3100F335D2 /* UniversalListOfJourneysVC.swift in Sources */,
				E141F5C31CC94AA3004DA5D5 /* Extensions.swift in Sources */,
				85AC90741CE487AF007BE5C2 /* LFTPulseAnimation.swift in Sources */,
				E1B012031CD6595C000AB2F9 /* NewJourneyVC.swift in Sources */,
				8525E7D71CF2F92600D87BB5 /* SyncAll.swift in Sources */,
				853DD11C1E5F30730038663B /* ContactManipulation.swift in Sources */,
				E1CD74061E637F460049899B /* Agrume.swift in Sources */,
				8593DB0D1DFB6BC400604BFA /* SelectJourneyCell.swift in Sources */,
				85A067A41DFC4227006431E5 /* SocialCalls.swift in Sources */,
				E1AA1A311CD173A200C79B91 /* SettingsVC.swift in Sources */,
				85A067A61DFC4486006431E5 /* User.swift in Sources */,
			);
			runOnlyForDeploymentPostprocessing = 0;
		};
		85F2B4481CC4DD33004704F3 /* Sources */ = {
			isa = PBXSourcesBuildPhase;
			buildActionMask = 2147483647;
			files = (
				85F2B4511CC4DD33004704F3 /* HikebeatUITests.swift in Sources */,
			);
			runOnlyForDeploymentPostprocessing = 0;
		};
/* End PBXSourcesBuildPhase section */

/* Begin PBXTargetDependency section */
		852469E81E2053850074F831 /* PBXTargetDependency */ = {
			isa = PBXTargetDependency;
			target = 85F2B42C1CC4DD33004704F3 /* Hikebeat */;
			targetProxy = 852469E71E2053850074F831 /* PBXContainerItemProxy */;
		};
		85F2B44E1CC4DD33004704F3 /* PBXTargetDependency */ = {
			isa = PBXTargetDependency;
			target = 85F2B42C1CC4DD33004704F3 /* Hikebeat */;
			targetProxy = 85F2B44D1CC4DD33004704F3 /* PBXContainerItemProxy */;
		};
/* End PBXTargetDependency section */

/* Begin PBXVariantGroup section */
		85F2B4341CC4DD33004704F3 /* Main.storyboard */ = {
			isa = PBXVariantGroup;
			children = (
				85F2B4351CC4DD33004704F3 /* Base */,
			);
			name = Main.storyboard;
			sourceTree = "<group>";
		};
/* End PBXVariantGroup section */

/* Begin XCBuildConfiguration section */
		852469EA1E2053850074F831 /* Debug */ = {
			isa = XCBuildConfiguration;
			buildSettings = {
				BUNDLE_LOADER = "$(TEST_HOST)";
				CLANG_WARN_DOCUMENTATION_COMMENTS = YES;
				FRAMEWORK_SEARCH_PATHS = (
					"$(inherited)",
					"$(PROJECT_DIR)/Carthage/Build/iOS",
				);
				INFOPLIST_FILE = APITests/Info.plist;
				IPHONEOS_DEPLOYMENT_TARGET = 10.2;
				LD_RUNPATH_SEARCH_PATHS = "$(inherited) @executable_path/Frameworks @loader_path/Frameworks";
				PRODUCT_BUNDLE_IDENTIFIER = com.hikebeat.APITests;
				PRODUCT_NAME = "$(TARGET_NAME)";
				SWIFT_ACTIVE_COMPILATION_CONDITIONS = DEBUG;
				SWIFT_VERSION = 3.0;
				TEST_HOST = "$(BUILT_PRODUCTS_DIR)/Hikebeat.app/Hikebeat";
			};
			name = Debug;
		};
		852469EB1E2053850074F831 /* Release */ = {
			isa = XCBuildConfiguration;
			buildSettings = {
				BUNDLE_LOADER = "$(TEST_HOST)";
				CLANG_WARN_DOCUMENTATION_COMMENTS = YES;
				FRAMEWORK_SEARCH_PATHS = (
					"$(inherited)",
					"$(PROJECT_DIR)/Carthage/Build/iOS",
				);
				INFOPLIST_FILE = APITests/Info.plist;
				IPHONEOS_DEPLOYMENT_TARGET = 10.2;
				LD_RUNPATH_SEARCH_PATHS = "$(inherited) @executable_path/Frameworks @loader_path/Frameworks";
				PRODUCT_BUNDLE_IDENTIFIER = com.hikebeat.APITests;
				PRODUCT_NAME = "$(TARGET_NAME)";
				SWIFT_VERSION = 3.0;
				TEST_HOST = "$(BUILT_PRODUCTS_DIR)/Hikebeat.app/Hikebeat";
			};
			name = Release;
		};
		85F2B4531CC4DD33004704F3 /* Debug */ = {
			isa = XCBuildConfiguration;
			buildSettings = {
				ALWAYS_SEARCH_USER_PATHS = NO;
				CLANG_ANALYZER_NONNULL = YES;
				CLANG_CXX_LANGUAGE_STANDARD = "gnu++0x";
				CLANG_CXX_LIBRARY = "libc++";
				CLANG_ENABLE_MODULES = YES;
				CLANG_ENABLE_OBJC_ARC = YES;
				CLANG_WARN_BOOL_CONVERSION = YES;
				CLANG_WARN_CONSTANT_CONVERSION = YES;
				CLANG_WARN_DIRECT_OBJC_ISA_USAGE = YES_ERROR;
				CLANG_WARN_EMPTY_BODY = YES;
				CLANG_WARN_ENUM_CONVERSION = YES;
				CLANG_WARN_INFINITE_RECURSION = YES;
				CLANG_WARN_INT_CONVERSION = YES;
				CLANG_WARN_OBJC_ROOT_CLASS = YES_ERROR;
				CLANG_WARN_SUSPICIOUS_MOVE = YES;
				CLANG_WARN_UNREACHABLE_CODE = YES;
				CLANG_WARN__DUPLICATE_METHOD_MATCH = YES;
				"CODE_SIGN_IDENTITY[sdk=iphoneos*]" = "iPhone Developer";
				COPY_PHASE_STRIP = NO;
				DEBUG_INFORMATION_FORMAT = dwarf;
				ENABLE_STRICT_OBJC_MSGSEND = YES;
				ENABLE_TESTABILITY = YES;
				GCC_C_LANGUAGE_STANDARD = gnu99;
				GCC_DYNAMIC_NO_PIC = NO;
				GCC_NO_COMMON_BLOCKS = YES;
				GCC_OPTIMIZATION_LEVEL = 0;
				GCC_PREPROCESSOR_DEFINITIONS = (
					"DEBUG=1",
					"$(inherited)",
				);
				GCC_WARN_64_TO_32_BIT_CONVERSION = YES;
				GCC_WARN_ABOUT_RETURN_TYPE = YES_ERROR;
				GCC_WARN_UNDECLARED_SELECTOR = YES;
				GCC_WARN_UNINITIALIZED_AUTOS = YES_AGGRESSIVE;
				GCC_WARN_UNUSED_FUNCTION = YES;
				GCC_WARN_UNUSED_VARIABLE = YES;
				IPHONEOS_DEPLOYMENT_TARGET = 9.3;
				MTL_ENABLE_DEBUG_INFO = YES;
				ONLY_ACTIVE_ARCH = YES;
				SDKROOT = iphoneos;
				SWIFT_OPTIMIZATION_LEVEL = "-Onone";
			};
			name = Debug;
		};
		85F2B4541CC4DD33004704F3 /* Release */ = {
			isa = XCBuildConfiguration;
			buildSettings = {
				ALWAYS_SEARCH_USER_PATHS = NO;
				CLANG_ANALYZER_NONNULL = YES;
				CLANG_CXX_LANGUAGE_STANDARD = "gnu++0x";
				CLANG_CXX_LIBRARY = "libc++";
				CLANG_ENABLE_MODULES = YES;
				CLANG_ENABLE_OBJC_ARC = YES;
				CLANG_WARN_BOOL_CONVERSION = YES;
				CLANG_WARN_CONSTANT_CONVERSION = YES;
				CLANG_WARN_DIRECT_OBJC_ISA_USAGE = YES_ERROR;
				CLANG_WARN_EMPTY_BODY = YES;
				CLANG_WARN_ENUM_CONVERSION = YES;
				CLANG_WARN_INFINITE_RECURSION = YES;
				CLANG_WARN_INT_CONVERSION = YES;
				CLANG_WARN_OBJC_ROOT_CLASS = YES_ERROR;
				CLANG_WARN_SUSPICIOUS_MOVE = YES;
				CLANG_WARN_UNREACHABLE_CODE = YES;
				CLANG_WARN__DUPLICATE_METHOD_MATCH = YES;
				"CODE_SIGN_IDENTITY[sdk=iphoneos*]" = "iPhone Developer";
				COPY_PHASE_STRIP = NO;
				DEBUG_INFORMATION_FORMAT = "dwarf-with-dsym";
				ENABLE_NS_ASSERTIONS = NO;
				ENABLE_STRICT_OBJC_MSGSEND = YES;
				GCC_C_LANGUAGE_STANDARD = gnu99;
				GCC_NO_COMMON_BLOCKS = YES;
				GCC_WARN_64_TO_32_BIT_CONVERSION = YES;
				GCC_WARN_ABOUT_RETURN_TYPE = YES_ERROR;
				GCC_WARN_UNDECLARED_SELECTOR = YES;
				GCC_WARN_UNINITIALIZED_AUTOS = YES_AGGRESSIVE;
				GCC_WARN_UNUSED_FUNCTION = YES;
				GCC_WARN_UNUSED_VARIABLE = YES;
				IPHONEOS_DEPLOYMENT_TARGET = 9.3;
				MTL_ENABLE_DEBUG_INFO = NO;
				SDKROOT = iphoneos;
				SWIFT_OPTIMIZATION_LEVEL = "-Owholemodule";
				VALIDATE_PRODUCT = YES;
			};
			name = Release;
		};
		85F2B4561CC4DD33004704F3 /* Debug */ = {
			isa = XCBuildConfiguration;
			buildSettings = {
				ASSETCATALOG_COMPILER_APPICON_NAME = AppIcon;
				CLANG_ENABLE_MODULES = YES;
				CODE_SIGN_ENTITLEMENTS = Hikebeat/Hikebeat.entitlements;
				CODE_SIGN_IDENTITY = "iPhone Developer";
				"CODE_SIGN_IDENTITY[sdk=iphoneos*]" = "iPhone Developer";
				DEVELOPMENT_TEAM = 62PHHA9WNZ;
				FRAMEWORK_SEARCH_PATHS = (
					"$(inherited)",
					"$(PROJECT_DIR)/Carthage/Build/iOS",
				);
				INFOPLIST_FILE = Hikebeat/Info.plist;
				IPHONEOS_DEPLOYMENT_TARGET = 9.0;
				LD_RUNPATH_SEARCH_PATHS = "$(inherited) @executable_path/Frameworks";
				PRODUCT_BUNDLE_IDENTIFIER = io.hikebeat.Hikebeat;
				PRODUCT_NAME = "$(TARGET_NAME)";
				PROVISIONING_PROFILE = "";
				PROVISIONING_PROFILE_SPECIFIER = "";
				SWIFT_OBJC_BRIDGING_HEADER = "Hikebeat-Bridging-Header.h";
				SWIFT_OPTIMIZATION_LEVEL = "-Onone";
				SWIFT_VERSION = 3.0;
			};
			name = Debug;
		};
		85F2B4571CC4DD33004704F3 /* Release */ = {
			isa = XCBuildConfiguration;
			buildSettings = {
				ASSETCATALOG_COMPILER_APPICON_NAME = AppIcon;
				CLANG_ENABLE_MODULES = YES;
				CODE_SIGN_ENTITLEMENTS = Hikebeat/Hikebeat.entitlements;
				CODE_SIGN_IDENTITY = "iPhone Developer";
				"CODE_SIGN_IDENTITY[sdk=iphoneos*]" = "iPhone Developer";
				DEVELOPMENT_TEAM = 62PHHA9WNZ;
				FRAMEWORK_SEARCH_PATHS = (
					"$(inherited)",
					"$(PROJECT_DIR)/Carthage/Build/iOS",
				);
				INFOPLIST_FILE = Hikebeat/Info.plist;
				IPHONEOS_DEPLOYMENT_TARGET = 9.0;
				LD_RUNPATH_SEARCH_PATHS = "$(inherited) @executable_path/Frameworks";
				PRODUCT_BUNDLE_IDENTIFIER = io.hikebeat.Hikebeat;
				PRODUCT_NAME = "$(TARGET_NAME)";
				PROVISIONING_PROFILE = "";
				PROVISIONING_PROFILE_SPECIFIER = "";
				SWIFT_OBJC_BRIDGING_HEADER = "Hikebeat-Bridging-Header.h";
				SWIFT_VERSION = 3.0;
			};
			name = Release;
		};
		85F2B45C1CC4DD33004704F3 /* Debug */ = {
			isa = XCBuildConfiguration;
			buildSettings = {
				INFOPLIST_FILE = HikebeatUITests/Info.plist;
				LD_RUNPATH_SEARCH_PATHS = "$(inherited) @executable_path/Frameworks @loader_path/Frameworks";
				PRODUCT_BUNDLE_IDENTIFIER = io.hikebeat.HikebeatUITests;
				PRODUCT_NAME = "$(TARGET_NAME)";
				SWIFT_VERSION = 3.0;
				TEST_TARGET_NAME = Hikebeat;
			};
			name = Debug;
		};
		85F2B45D1CC4DD33004704F3 /* Release */ = {
			isa = XCBuildConfiguration;
			buildSettings = {
				INFOPLIST_FILE = HikebeatUITests/Info.plist;
				LD_RUNPATH_SEARCH_PATHS = "$(inherited) @executable_path/Frameworks @loader_path/Frameworks";
				PRODUCT_BUNDLE_IDENTIFIER = io.hikebeat.HikebeatUITests;
				PRODUCT_NAME = "$(TARGET_NAME)";
				SWIFT_VERSION = 3.0;
				TEST_TARGET_NAME = Hikebeat;
			};
			name = Release;
		};
/* End XCBuildConfiguration section */

/* Begin XCConfigurationList section */
		852469E91E2053850074F831 /* Build configuration list for PBXNativeTarget "APITests" */ = {
			isa = XCConfigurationList;
			buildConfigurations = (
				852469EA1E2053850074F831 /* Debug */,
				852469EB1E2053850074F831 /* Release */,
			);
			defaultConfigurationIsVisible = 0;
			defaultConfigurationName = Release;
		};
		85F2B4281CC4DD33004704F3 /* Build configuration list for PBXProject "Hikebeat" */ = {
			isa = XCConfigurationList;
			buildConfigurations = (
				85F2B4531CC4DD33004704F3 /* Debug */,
				85F2B4541CC4DD33004704F3 /* Release */,
			);
			defaultConfigurationIsVisible = 0;
			defaultConfigurationName = Release;
		};
		85F2B4551CC4DD33004704F3 /* Build configuration list for PBXNativeTarget "Hikebeat" */ = {
			isa = XCConfigurationList;
			buildConfigurations = (
				85F2B4561CC4DD33004704F3 /* Debug */,
				85F2B4571CC4DD33004704F3 /* Release */,
			);
			defaultConfigurationIsVisible = 0;
			defaultConfigurationName = Release;
		};
		85F2B45B1CC4DD33004704F3 /* Build configuration list for PBXNativeTarget "HikebeatUITests" */ = {
			isa = XCConfigurationList;
			buildConfigurations = (
				85F2B45C1CC4DD33004704F3 /* Debug */,
				85F2B45D1CC4DD33004704F3 /* Release */,
			);
			defaultConfigurationIsVisible = 0;
			defaultConfigurationName = Release;
		};
/* End XCConfigurationList section */
	};
	rootObject = 85F2B4251CC4DD33004704F3 /* Project object */;
}
